// !$*UTF8*$!
{
	archiveVersion = 1;
	classes = {
	};
	objectVersion = 77;
	objects = {

/* Begin PBXBuildFile section */
		F576DE832DF70BF200C580BD /* FirebaseAI in Frameworks */ = {isa = PBXBuildFile; productRef = F576DE822DF70BF200C580BD /* FirebaseAI */; };
		F576DE852DF70BF200C580BD /* FirebaseAnalytics in Frameworks */ = {isa = PBXBuildFile; productRef = F576DE842DF70BF200C580BD /* FirebaseAnalytics */; };
		F576DE872DF70BF200C580BD /* FirebaseAnalyticsCore in Frameworks */ = {isa = PBXBuildFile; productRef = F576DE862DF70BF200C580BD /* FirebaseAnalyticsCore */; };
		F576DE892DF70BF200C580BD /* FirebaseAnalyticsIdentitySupport in Frameworks */ = {isa = PBXBuildFile; productRef = F576DE882DF70BF200C580BD /* FirebaseAnalyticsIdentitySupport */; };
		F576DE8B2DF70BF200C580BD /* FirebaseAnalyticsOnDeviceConversion in Frameworks */ = {isa = PBXBuildFile; productRef = F576DE8A2DF70BF200C580BD /* FirebaseAnalyticsOnDeviceConversion */; };
		F576DE8D2DF70BF200C580BD /* FirebaseAnalyticsWithoutAdIdSupport in Frameworks */ = {isa = PBXBuildFile; productRef = F576DE8C2DF70BF200C580BD /* FirebaseAnalyticsWithoutAdIdSupport */; };
		F576DE8F2DF70BF200C580BD /* FirebaseAppCheck in Frameworks */ = {isa = PBXBuildFile; productRef = F576DE8E2DF70BF200C580BD /* FirebaseAppCheck */; };
		F576DE912DF70BF200C580BD /* FirebaseAppDistribution-Beta in Frameworks */ = {isa = PBXBuildFile; productRef = F576DE902DF70BF200C580BD /* FirebaseAppDistribution-Beta */; };
		F576DE932DF70BF200C580BD /* FirebaseAuth in Frameworks */ = {isa = PBXBuildFile; productRef = F576DE922DF70BF200C580BD /* FirebaseAuth */; };
		F576DE952DF70BF200C580BD /* FirebaseAuthCombine-Community in Frameworks */ = {isa = PBXBuildFile; productRef = F576DE942DF70BF200C580BD /* FirebaseAuthCombine-Community */; };
		F576DE972DF70BF200C580BD /* FirebaseCore in Frameworks */ = {isa = PBXBuildFile; productRef = F576DE962DF70BF200C580BD /* FirebaseCore */; };
		F576DE992DF70BF200C580BD /* FirebaseCrashlytics in Frameworks */ = {isa = PBXBuildFile; productRef = F576DE982DF70BF200C580BD /* FirebaseCrashlytics */; };
		F576DE9B2DF70BF200C580BD /* FirebaseDatabase in Frameworks */ = {isa = PBXBuildFile; productRef = F576DE9A2DF70BF200C580BD /* FirebaseDatabase */; };
		F576DE9D2DF70BF200C580BD /* FirebaseDynamicLinks in Frameworks */ = {isa = PBXBuildFile; productRef = F576DE9C2DF70BF200C580BD /* FirebaseDynamicLinks */; };
		F576DE9F2DF70BF200C580BD /* FirebaseFirestore in Frameworks */ = {isa = PBXBuildFile; productRef = F576DE9E2DF70BF200C580BD /* FirebaseFirestore */; };
		F576DEA12DF70BF200C580BD /* FirebaseFirestoreCombine-Community in Frameworks */ = {isa = PBXBuildFile; productRef = F576DEA02DF70BF200C580BD /* FirebaseFirestoreCombine-Community */; };
		F576DEA32DF70BF200C580BD /* FirebaseFunctions in Frameworks */ = {isa = PBXBuildFile; productRef = F576DEA22DF70BF200C580BD /* FirebaseFunctions */; };
		F576DEA52DF70BF200C580BD /* FirebaseFunctionsCombine-Community in Frameworks */ = {isa = PBXBuildFile; productRef = F576DEA42DF70BF200C580BD /* FirebaseFunctionsCombine-Community */; };
		F576DEA72DF70BF200C580BD /* FirebaseInAppMessaging-Beta in Frameworks */ = {isa = PBXBuildFile; productRef = F576DEA62DF70BF200C580BD /* FirebaseInAppMessaging-Beta */; };
		F576DEA92DF70BF200C580BD /* FirebaseInstallations in Frameworks */ = {isa = PBXBuildFile; productRef = F576DEA82DF70BF200C580BD /* FirebaseInstallations */; };
		F576DEAB2DF70BF200C580BD /* FirebaseMLModelDownloader in Frameworks */ = {isa = PBXBuildFile; productRef = F576DEAA2DF70BF200C580BD /* FirebaseMLModelDownloader */; };
		F576DEAD2DF70BF200C580BD /* FirebaseMessaging in Frameworks */ = {isa = PBXBuildFile; productRef = F576DEAC2DF70BF200C580BD /* FirebaseMessaging */; };
		F576DEAF2DF70BF200C580BD /* FirebasePerformance in Frameworks */ = {isa = PBXBuildFile; productRef = F576DEAE2DF70BF200C580BD /* FirebasePerformance */; };
		F576DEB12DF70BF200C580BD /* FirebaseRemoteConfig in Frameworks */ = {isa = PBXBuildFile; productRef = F576DEB02DF70BF200C580BD /* FirebaseRemoteConfig */; };
		F576DEB32DF70BF200C580BD /* FirebaseStorage in Frameworks */ = {isa = PBXBuildFile; productRef = F576DEB22DF70BF200C580BD /* FirebaseStorage */; };
		F576DEB52DF70BF200C580BD /* FirebaseStorageCombine-Community in Frameworks */ = {isa = PBXBuildFile; productRef = F576DEB42DF70BF200C580BD /* FirebaseStorageCombine-Community */; };
		F576DEB72DF70BF200C580BD /* FirebaseVertexAI in Frameworks */ = {isa = PBXBuildFile; productRef = F576DEB62DF70BF200C580BD /* FirebaseVertexAI */; };
/* End PBXBuildFile section */

/* Begin PBXFileReference section */
		F53A2E6F2DF70814001E06E3 /* ALP_SE_WM.app */ = {isa = PBXFileReference; explicitFileType = wrapper.application; includeInIndex = 0; path = ALP_SE_WM.app; sourceTree = BUILT_PRODUCTS_DIR; };
/* End PBXFileReference section */

/* Begin PBXFileSystemSynchronizedRootGroup section */
		F53A2E712DF70814001E06E3 /* ALP_SE_WM */ = {
			isa = PBXFileSystemSynchronizedRootGroup;
			path = ALP_SE_WM;
			sourceTree = "<group>";
		};
/* End PBXFileSystemSynchronizedRootGroup section */

/* Begin PBXFrameworksBuildPhase section */
		F53A2E6C2DF70814001E06E3 /* Frameworks */ = {
			isa = PBXFrameworksBuildPhase;
			buildActionMask = 2147483647;
			files = (
				F576DEA32DF70BF200C580BD /* FirebaseFunctions in Frameworks */,
				F576DE9B2DF70BF200C580BD /* FirebaseDatabase in Frameworks */,
				F576DE892DF70BF200C580BD /* FirebaseAnalyticsIdentitySupport in Frameworks */,
				F576DEB32DF70BF200C580BD /* FirebaseStorage in Frameworks */,
				F576DE8D2DF70BF200C580BD /* FirebaseAnalyticsWithoutAdIdSupport in Frameworks */,
				F576DE972DF70BF200C580BD /* FirebaseCore in Frameworks */,
				F576DE852DF70BF200C580BD /* FirebaseAnalytics in Frameworks */,
				F576DEAB2DF70BF200C580BD /* FirebaseMLModelDownloader in Frameworks */,
				F576DE9D2DF70BF200C580BD /* FirebaseDynamicLinks in Frameworks */,
				F576DE8B2DF70BF200C580BD /* FirebaseAnalyticsOnDeviceConversion in Frameworks */,
				F576DE932DF70BF200C580BD /* FirebaseAuth in Frameworks */,
				F576DE9F2DF70BF200C580BD /* FirebaseFirestore in Frameworks */,
				F576DEA12DF70BF200C580BD /* FirebaseFirestoreCombine-Community in Frameworks */,
				F576DEB72DF70BF200C580BD /* FirebaseVertexAI in Frameworks */,
				F576DEA72DF70BF200C580BD /* FirebaseInAppMessaging-Beta in Frameworks */,
				F576DEA52DF70BF200C580BD /* FirebaseFunctionsCombine-Community in Frameworks */,
				F576DE8F2DF70BF200C580BD /* FirebaseAppCheck in Frameworks */,
				F576DEB52DF70BF200C580BD /* FirebaseStorageCombine-Community in Frameworks */,
				F576DEB12DF70BF200C580BD /* FirebaseRemoteConfig in Frameworks */,
				F576DE872DF70BF200C580BD /* FirebaseAnalyticsCore in Frameworks */,
				F576DE832DF70BF200C580BD /* FirebaseAI in Frameworks */,
				F576DEAF2DF70BF200C580BD /* FirebasePerformance in Frameworks */,
				F576DE992DF70BF200C580BD /* FirebaseCrashlytics in Frameworks */,
				F576DE912DF70BF200C580BD /* FirebaseAppDistribution-Beta in Frameworks */,
				F576DE952DF70BF200C580BD /* FirebaseAuthCombine-Community in Frameworks */,
				F576DEAD2DF70BF200C580BD /* FirebaseMessaging in Frameworks */,
				F576DEA92DF70BF200C580BD /* FirebaseInstallations in Frameworks */,
			);
			runOnlyForDeploymentPostprocessing = 0;
		};
/* End PBXFrameworksBuildPhase section */

/* Begin PBXGroup section */
		F53A2E662DF70814001E06E3 = {
			isa = PBXGroup;
			children = (
				F53A2E712DF70814001E06E3 /* ALP_SE_WM */,
				F53A2E702DF70814001E06E3 /* Products */,
			);
			sourceTree = "<group>";
		};
		F53A2E702DF70814001E06E3 /* Products */ = {
			isa = PBXGroup;
			children = (
				F53A2E6F2DF70814001E06E3 /* ALP_SE_WM.app */,
			);
			name = Products;
			sourceTree = "<group>";
		};
/* End PBXGroup section */

/* Begin PBXNativeTarget section */
		F53A2E6E2DF70814001E06E3 /* ALP_SE_WM */ = {
			isa = PBXNativeTarget;
			buildConfigurationList = F53A2E7B2DF70815001E06E3 /* Build configuration list for PBXNativeTarget "ALP_SE_WM" */;
			buildPhases = (
				F53A2E6B2DF70814001E06E3 /* Sources */,
				F53A2E6C2DF70814001E06E3 /* Frameworks */,
				F53A2E6D2DF70814001E06E3 /* Resources */,
			);
			buildRules = (
			);
			dependencies = (
				F576DEB92DF70C0700C580BD /* PBXTargetDependency */,
				F576DEBB2DF70C0700C580BD /* PBXTargetDependency */,
				F576DEBD2DF70C0700C580BD /* PBXTargetDependency */,
				F576DEBF2DF70C0700C580BD /* PBXTargetDependency */,
				F576DEC12DF70C0700C580BD /* PBXTargetDependency */,
				F576DEC32DF70C0700C580BD /* PBXTargetDependency */,
				F576DEC52DF70C0700C580BD /* PBXTargetDependency */,
				F576DEC72DF70C0700C580BD /* PBXTargetDependency */,
				F576DEC92DF70C0700C580BD /* PBXTargetDependency */,
				F576DECB2DF70C0700C580BD /* PBXTargetDependency */,
				F576DECD2DF70C0700C580BD /* PBXTargetDependency */,
				F576DECF2DF70C0700C580BD /* PBXTargetDependency */,
				F576DED12DF70C0700C580BD /* PBXTargetDependency */,
				F576DED32DF70C0700C580BD /* PBXTargetDependency */,
				F576DED52DF70C0700C580BD /* PBXTargetDependency */,
				F576DED72DF70C0700C580BD /* PBXTargetDependency */,
				F576DED92DF70C0700C580BD /* PBXTargetDependency */,
				F576DEDB2DF70C0700C580BD /* PBXTargetDependency */,
				F576DEDD2DF70C0700C580BD /* PBXTargetDependency */,
				F576DEDF2DF70C0700C580BD /* PBXTargetDependency */,
				F576DEE12DF70C0700C580BD /* PBXTargetDependency */,
				F576DEE32DF70C0700C580BD /* PBXTargetDependency */,
				F576DEE52DF70C0700C580BD /* PBXTargetDependency */,
				F576DEE72DF70C0700C580BD /* PBXTargetDependency */,
				F576DEE92DF70C0700C580BD /* PBXTargetDependency */,
				F576DEEB2DF70C0700C580BD /* PBXTargetDependency */,
				F576DEED2DF70C0700C580BD /* PBXTargetDependency */,
			);
			fileSystemSynchronizedGroups = (
				F53A2E712DF70814001E06E3 /* ALP_SE_WM */,
			);
			name = ALP_SE_WM;
			packageProductDependencies = (
				F576DE822DF70BF200C580BD /* FirebaseAI */,
				F576DE842DF70BF200C580BD /* FirebaseAnalytics */,
				F576DE862DF70BF200C580BD /* FirebaseAnalyticsCore */,
				F576DE882DF70BF200C580BD /* FirebaseAnalyticsIdentitySupport */,
				F576DE8A2DF70BF200C580BD /* FirebaseAnalyticsOnDeviceConversion */,
				F576DE8C2DF70BF200C580BD /* FirebaseAnalyticsWithoutAdIdSupport */,
				F576DE8E2DF70BF200C580BD /* FirebaseAppCheck */,
				F576DE902DF70BF200C580BD /* FirebaseAppDistribution-Beta */,
				F576DE922DF70BF200C580BD /* FirebaseAuth */,
				F576DE942DF70BF200C580BD /* FirebaseAuthCombine-Community */,
				F576DE962DF70BF200C580BD /* FirebaseCore */,
				F576DE982DF70BF200C580BD /* FirebaseCrashlytics */,
				F576DE9A2DF70BF200C580BD /* FirebaseDatabase */,
				F576DE9C2DF70BF200C580BD /* FirebaseDynamicLinks */,
				F576DE9E2DF70BF200C580BD /* FirebaseFirestore */,
				F576DEA02DF70BF200C580BD /* FirebaseFirestoreCombine-Community */,
				F576DEA22DF70BF200C580BD /* FirebaseFunctions */,
				F576DEA42DF70BF200C580BD /* FirebaseFunctionsCombine-Community */,
				F576DEA62DF70BF200C580BD /* FirebaseInAppMessaging-Beta */,
				F576DEA82DF70BF200C580BD /* FirebaseInstallations */,
				F576DEAA2DF70BF200C580BD /* FirebaseMLModelDownloader */,
				F576DEAC2DF70BF200C580BD /* FirebaseMessaging */,
				F576DEAE2DF70BF200C580BD /* FirebasePerformance */,
				F576DEB02DF70BF200C580BD /* FirebaseRemoteConfig */,
				F576DEB22DF70BF200C580BD /* FirebaseStorage */,
				F576DEB42DF70BF200C580BD /* FirebaseStorageCombine-Community */,
				F576DEB62DF70BF200C580BD /* FirebaseVertexAI */,
			);
			productName = ALP_SE_WM;
			productReference = F53A2E6F2DF70814001E06E3 /* ALP_SE_WM.app */;
			productType = "com.apple.product-type.application";
		};
/* End PBXNativeTarget section */

/* Begin PBXProject section */
		F53A2E672DF70814001E06E3 /* Project object */ = {
			isa = PBXProject;
			attributes = {
				BuildIndependentTargetsInParallel = 1;
				LastSwiftUpdateCheck = 1640;
				LastUpgradeCheck = 1640;
				TargetAttributes = {
					F53A2E6E2DF70814001E06E3 = {
						CreatedOnToolsVersion = 16.4;
					};
				};
			};
			buildConfigurationList = F53A2E6A2DF70814001E06E3 /* Build configuration list for PBXProject "ALP_SE_WM" */;
			developmentRegion = en;
			hasScannedForEncodings = 0;
			knownRegions = (
				en,
				Base,
			);
			mainGroup = F53A2E662DF70814001E06E3;
			minimizedProjectReferenceProxies = 1;
			packageReferences = (
				F576DE812DF70BF200C580BD /* XCRemoteSwiftPackageReference "firebase-ios-sdk" */,
			);
			preferredProjectObjectVersion = 77;
			productRefGroup = F53A2E702DF70814001E06E3 /* Products */;
			projectDirPath = "";
			projectRoot = "";
			targets = (
				F53A2E6E2DF70814001E06E3 /* ALP_SE_WM */,
			);
		};
/* End PBXProject section */

/* Begin PBXResourcesBuildPhase section */
		F53A2E6D2DF70814001E06E3 /* Resources */ = {
			isa = PBXResourcesBuildPhase;
			buildActionMask = 2147483647;
			files = (
			);
			runOnlyForDeploymentPostprocessing = 0;
		};
/* End PBXResourcesBuildPhase section */

/* Begin PBXSourcesBuildPhase section */
		F53A2E6B2DF70814001E06E3 /* Sources */ = {
			isa = PBXSourcesBuildPhase;
			buildActionMask = 2147483647;
			files = (
			);
			runOnlyForDeploymentPostprocessing = 0;
		};
/* End PBXSourcesBuildPhase section */

/* Begin PBXTargetDependency section */
		F576DEB92DF70C0700C580BD /* PBXTargetDependency */ = {
			isa = PBXTargetDependency;
			productRef = F576DEB82DF70C0700C580BD /* FirebaseAI */;
		};
		F576DEBB2DF70C0700C580BD /* PBXTargetDependency */ = {
			isa = PBXTargetDependency;
			productRef = F576DEBA2DF70C0700C580BD /* FirebaseAnalytics */;
		};
		F576DEBD2DF70C0700C580BD /* PBXTargetDependency */ = {
			isa = PBXTargetDependency;
			productRef = F576DEBC2DF70C0700C580BD /* FirebaseAnalyticsCore */;
		};
		F576DEBF2DF70C0700C580BD /* PBXTargetDependency */ = {
			isa = PBXTargetDependency;
			productRef = F576DEBE2DF70C0700C580BD /* FirebaseAnalyticsIdentitySupport */;
		};
		F576DEC12DF70C0700C580BD /* PBXTargetDependency */ = {
			isa = PBXTargetDependency;
			productRef = F576DEC02DF70C0700C580BD /* FirebaseAnalyticsOnDeviceConversion */;
		};
		F576DEC32DF70C0700C580BD /* PBXTargetDependency */ = {
			isa = PBXTargetDependency;
			productRef = F576DEC22DF70C0700C580BD /* FirebaseAnalyticsWithoutAdIdSupport */;
		};
		F576DEC52DF70C0700C580BD /* PBXTargetDependency */ = {
			isa = PBXTargetDependency;
			productRef = F576DEC42DF70C0700C580BD /* FirebaseAppCheck */;
		};
		F576DEC72DF70C0700C580BD /* PBXTargetDependency */ = {
			isa = PBXTargetDependency;
			productRef = F576DEC62DF70C0700C580BD /* FirebaseAppDistribution-Beta */;
		};
		F576DEC92DF70C0700C580BD /* PBXTargetDependency */ = {
			isa = PBXTargetDependency;
			productRef = F576DEC82DF70C0700C580BD /* FirebaseAuth */;
		};
		F576DECB2DF70C0700C580BD /* PBXTargetDependency */ = {
			isa = PBXTargetDependency;
			productRef = F576DECA2DF70C0700C580BD /* FirebaseAuthCombine-Community */;
		};
		F576DECD2DF70C0700C580BD /* PBXTargetDependency */ = {
			isa = PBXTargetDependency;
			productRef = F576DECC2DF70C0700C580BD /* FirebaseCore */;
		};
		F576DECF2DF70C0700C580BD /* PBXTargetDependency */ = {
			isa = PBXTargetDependency;
			productRef = F576DECE2DF70C0700C580BD /* FirebaseCrashlytics */;
		};
		F576DED12DF70C0700C580BD /* PBXTargetDependency */ = {
			isa = PBXTargetDependency;
			productRef = F576DED02DF70C0700C580BD /* FirebaseDatabase */;
		};
		F576DED32DF70C0700C580BD /* PBXTargetDependency */ = {
			isa = PBXTargetDependency;
			productRef = F576DED22DF70C0700C580BD /* FirebaseDynamicLinks */;
		};
		F576DED52DF70C0700C580BD /* PBXTargetDependency */ = {
			isa = PBXTargetDependency;
			productRef = F576DED42DF70C0700C580BD /* FirebaseFirestore */;
		};
		F576DED72DF70C0700C580BD /* PBXTargetDependency */ = {
			isa = PBXTargetDependency;
			productRef = F576DED62DF70C0700C580BD /* FirebaseFirestoreCombine-Community */;
		};
		F576DED92DF70C0700C580BD /* PBXTargetDependency */ = {
			isa = PBXTargetDependency;
			productRef = F576DED82DF70C0700C580BD /* FirebaseFunctions */;
		};
		F576DEDB2DF70C0700C580BD /* PBXTargetDependency */ = {
			isa = PBXTargetDependency;
			productRef = F576DEDA2DF70C0700C580BD /* FirebaseFunctionsCombine-Community */;
		};
		F576DEDD2DF70C0700C580BD /* PBXTargetDependency */ = {
			isa = PBXTargetDependency;
			productRef = F576DEDC2DF70C0700C580BD /* FirebaseInAppMessaging-Beta */;
		};
		F576DEDF2DF70C0700C580BD /* PBXTargetDependency */ = {
			isa = PBXTargetDependency;
			productRef = F576DEDE2DF70C0700C580BD /* FirebaseInstallations */;
		};
		F576DEE12DF70C0700C580BD /* PBXTargetDependency */ = {
			isa = PBXTargetDependency;
			productRef = F576DEE02DF70C0700C580BD /* FirebaseMLModelDownloader */;
		};
		F576DEE32DF70C0700C580BD /* PBXTargetDependency */ = {
			isa = PBXTargetDependency;
			productRef = F576DEE22DF70C0700C580BD /* FirebaseMessaging */;
		};
		F576DEE52DF70C0700C580BD /* PBXTargetDependency */ = {
			isa = PBXTargetDependency;
			productRef = F576DEE42DF70C0700C580BD /* FirebasePerformance */;
		};
		F576DEE72DF70C0700C580BD /* PBXTargetDependency */ = {
			isa = PBXTargetDependency;
			productRef = F576DEE62DF70C0700C580BD /* FirebaseRemoteConfig */;
		};
		F576DEE92DF70C0700C580BD /* PBXTargetDependency */ = {
			isa = PBXTargetDependency;
			productRef = F576DEE82DF70C0700C580BD /* FirebaseStorage */;
		};
		F576DEEB2DF70C0700C580BD /* PBXTargetDependency */ = {
			isa = PBXTargetDependency;
			productRef = F576DEEA2DF70C0700C580BD /* FirebaseStorageCombine-Community */;
		};
		F576DEED2DF70C0700C580BD /* PBXTargetDependency */ = {
			isa = PBXTargetDependency;
			productRef = F576DEEC2DF70C0700C580BD /* FirebaseVertexAI */;
		};
/* End PBXTargetDependency section */

/* Begin XCBuildConfiguration section */
		F53A2E792DF70815001E06E3 /* Debug */ = {
			isa = XCBuildConfiguration;
			buildSettings = {
				ALWAYS_SEARCH_USER_PATHS = NO;
				ASSETCATALOG_COMPILER_GENERATE_SWIFT_ASSET_SYMBOL_EXTENSIONS = YES;
				CLANG_ANALYZER_NONNULL = YES;
				CLANG_ANALYZER_NUMBER_OBJECT_CONVERSION = YES_AGGRESSIVE;
				CLANG_CXX_LANGUAGE_STANDARD = "gnu++20";
				CLANG_ENABLE_MODULES = YES;
				CLANG_ENABLE_OBJC_ARC = YES;
				CLANG_ENABLE_OBJC_WEAK = YES;
				CLANG_WARN_BLOCK_CAPTURE_AUTORELEASING = YES;
				CLANG_WARN_BOOL_CONVERSION = YES;
				CLANG_WARN_COMMA = YES;
				CLANG_WARN_CONSTANT_CONVERSION = YES;
				CLANG_WARN_DEPRECATED_OBJC_IMPLEMENTATIONS = YES;
				CLANG_WARN_DIRECT_OBJC_ISA_USAGE = YES_ERROR;
				CLANG_WARN_DOCUMENTATION_COMMENTS = YES;
				CLANG_WARN_EMPTY_BODY = YES;
				CLANG_WARN_ENUM_CONVERSION = YES;
				CLANG_WARN_INFINITE_RECURSION = YES;
				CLANG_WARN_INT_CONVERSION = YES;
				CLANG_WARN_NON_LITERAL_NULL_CONVERSION = YES;
				CLANG_WARN_OBJC_IMPLICIT_RETAIN_SELF = YES;
				CLANG_WARN_OBJC_LITERAL_CONVERSION = YES;
				CLANG_WARN_OBJC_ROOT_CLASS = YES_ERROR;
				CLANG_WARN_QUOTED_INCLUDE_IN_FRAMEWORK_HEADER = YES;
				CLANG_WARN_RANGE_LOOP_ANALYSIS = YES;
				CLANG_WARN_STRICT_PROTOTYPES = YES;
				CLANG_WARN_SUSPICIOUS_MOVE = YES;
				CLANG_WARN_UNGUARDED_AVAILABILITY = YES_AGGRESSIVE;
				CLANG_WARN_UNREACHABLE_CODE = YES;
				CLANG_WARN__DUPLICATE_METHOD_MATCH = YES;
				COPY_PHASE_STRIP = NO;
				DEBUG_INFORMATION_FORMAT = dwarf;
				DEVELOPMENT_TEAM = T2BYKU8JF4;
				ENABLE_STRICT_OBJC_MSGSEND = YES;
				ENABLE_TESTABILITY = YES;
				ENABLE_USER_SCRIPT_SANDBOXING = YES;
				GCC_C_LANGUAGE_STANDARD = gnu17;
				GCC_DYNAMIC_NO_PIC = NO;
				GCC_NO_COMMON_BLOCKS = YES;
				GCC_OPTIMIZATION_LEVEL = 0;
				GCC_PREPROCESSOR_DEFINITIONS = (
					"DEBUG=1",
					"$(inherited)",
				);
				GCC_WARN_64_TO_32_BIT_CONVERSION = YES;
				GCC_WARN_ABOUT_RETURN_TYPE = YES_ERROR;
				GCC_WARN_UNDECLARED_SELECTOR = YES;
				GCC_WARN_UNINITIALIZED_AUTOS = YES_AGGRESSIVE;
				GCC_WARN_UNUSED_FUNCTION = YES;
				GCC_WARN_UNUSED_VARIABLE = YES;
				LOCALIZATION_PREFERS_STRING_CATALOGS = YES;
				MTL_ENABLE_DEBUG_INFO = INCLUDE_SOURCE;
				MTL_FAST_MATH = YES;
				ONLY_ACTIVE_ARCH = YES;
				SWIFT_ACTIVE_COMPILATION_CONDITIONS = "DEBUG $(inherited)";
				SWIFT_OPTIMIZATION_LEVEL = "-Onone";
			};
			name = Debug;
		};
		F53A2E7A2DF70815001E06E3 /* Release */ = {
			isa = XCBuildConfiguration;
			buildSettings = {
				ALWAYS_SEARCH_USER_PATHS = NO;
				ASSETCATALOG_COMPILER_GENERATE_SWIFT_ASSET_SYMBOL_EXTENSIONS = YES;
				CLANG_ANALYZER_NONNULL = YES;
				CLANG_ANALYZER_NUMBER_OBJECT_CONVERSION = YES_AGGRESSIVE;
				CLANG_CXX_LANGUAGE_STANDARD = "gnu++20";
				CLANG_ENABLE_MODULES = YES;
				CLANG_ENABLE_OBJC_ARC = YES;
				CLANG_ENABLE_OBJC_WEAK = YES;
				CLANG_WARN_BLOCK_CAPTURE_AUTORELEASING = YES;
				CLANG_WARN_BOOL_CONVERSION = YES;
				CLANG_WARN_COMMA = YES;
				CLANG_WARN_CONSTANT_CONVERSION = YES;
				CLANG_WARN_DEPRECATED_OBJC_IMPLEMENTATIONS = YES;
				CLANG_WARN_DIRECT_OBJC_ISA_USAGE = YES_ERROR;
				CLANG_WARN_DOCUMENTATION_COMMENTS = YES;
				CLANG_WARN_EMPTY_BODY = YES;
				CLANG_WARN_ENUM_CONVERSION = YES;
				CLANG_WARN_INFINITE_RECURSION = YES;
				CLANG_WARN_INT_CONVERSION = YES;
				CLANG_WARN_NON_LITERAL_NULL_CONVERSION = YES;
				CLANG_WARN_OBJC_IMPLICIT_RETAIN_SELF = YES;
				CLANG_WARN_OBJC_LITERAL_CONVERSION = YES;
				CLANG_WARN_OBJC_ROOT_CLASS = YES_ERROR;
				CLANG_WARN_QUOTED_INCLUDE_IN_FRAMEWORK_HEADER = YES;
				CLANG_WARN_RANGE_LOOP_ANALYSIS = YES;
				CLANG_WARN_STRICT_PROTOTYPES = YES;
				CLANG_WARN_SUSPICIOUS_MOVE = YES;
				CLANG_WARN_UNGUARDED_AVAILABILITY = YES_AGGRESSIVE;
				CLANG_WARN_UNREACHABLE_CODE = YES;
				CLANG_WARN__DUPLICATE_METHOD_MATCH = YES;
				COPY_PHASE_STRIP = NO;
				DEBUG_INFORMATION_FORMAT = "dwarf-with-dsym";
				DEVELOPMENT_TEAM = T2BYKU8JF4;
				ENABLE_NS_ASSERTIONS = NO;
				ENABLE_STRICT_OBJC_MSGSEND = YES;
				ENABLE_USER_SCRIPT_SANDBOXING = YES;
				GCC_C_LANGUAGE_STANDARD = gnu17;
				GCC_NO_COMMON_BLOCKS = YES;
				GCC_WARN_64_TO_32_BIT_CONVERSION = YES;
				GCC_WARN_ABOUT_RETURN_TYPE = YES_ERROR;
				GCC_WARN_UNDECLARED_SELECTOR = YES;
				GCC_WARN_UNINITIALIZED_AUTOS = YES_AGGRESSIVE;
				GCC_WARN_UNUSED_FUNCTION = YES;
				GCC_WARN_UNUSED_VARIABLE = YES;
				LOCALIZATION_PREFERS_STRING_CATALOGS = YES;
				MTL_ENABLE_DEBUG_INFO = NO;
				MTL_FAST_MATH = YES;
				SWIFT_COMPILATION_MODE = wholemodule;
			};
			name = Release;
		};
		F53A2E7C2DF70815001E06E3 /* Debug */ = {
			isa = XCBuildConfiguration;
			buildSettings = {
				ASSETCATALOG_COMPILER_APPICON_NAME = AppIcon;
				ASSETCATALOG_COMPILER_GLOBAL_ACCENT_COLOR_NAME = AccentColor;
				CODE_SIGN_ENTITLEMENTS = ALP_SE_WM/ALP_SE_WM.entitlements;
				CODE_SIGN_STYLE = Automatic;
				CURRENT_PROJECT_VERSION = 1;
				DEVELOPMENT_TEAM = T2BYKU8JF4;
				ENABLE_HARDENED_RUNTIME = YES;
				ENABLE_PREVIEWS = YES;
				GENERATE_INFOPLIST_FILE = YES;
				"INFOPLIST_KEY_UIApplicationSceneManifest_Generation[sdk=iphoneos*]" = YES;
				"INFOPLIST_KEY_UIApplicationSceneManifest_Generation[sdk=iphonesimulator*]" = YES;
				"INFOPLIST_KEY_UIApplicationSupportsIndirectInputEvents[sdk=iphoneos*]" = YES;
				"INFOPLIST_KEY_UIApplicationSupportsIndirectInputEvents[sdk=iphonesimulator*]" = YES;
				"INFOPLIST_KEY_UILaunchScreen_Generation[sdk=iphoneos*]" = YES;
				"INFOPLIST_KEY_UILaunchScreen_Generation[sdk=iphonesimulator*]" = YES;
				"INFOPLIST_KEY_UIStatusBarStyle[sdk=iphoneos*]" = UIStatusBarStyleDefault;
				"INFOPLIST_KEY_UIStatusBarStyle[sdk=iphonesimulator*]" = UIStatusBarStyleDefault;
				INFOPLIST_KEY_UISupportedInterfaceOrientations_iPad = "UIInterfaceOrientationPortrait UIInterfaceOrientationPortraitUpsideDown UIInterfaceOrientationLandscapeLeft UIInterfaceOrientationLandscapeRight";
				INFOPLIST_KEY_UISupportedInterfaceOrientations_iPhone = "UIInterfaceOrientationPortrait UIInterfaceOrientationLandscapeLeft UIInterfaceOrientationLandscapeRight";
				IPHONEOS_DEPLOYMENT_TARGET = 18.5;
				LD_RUNPATH_SEARCH_PATHS = "@executable_path/Frameworks";
				"LD_RUNPATH_SEARCH_PATHS[sdk=macosx*]" = "@executable_path/../Frameworks";
				MACOSX_DEPLOYMENT_TARGET = 15.5;
				MARKETING_VERSION = 1.0;
				PRODUCT_BUNDLE_IDENTIFIER = "ALP-SE.ALP-SE-WM";
				PRODUCT_NAME = "$(TARGET_NAME)";
				REGISTER_APP_GROUPS = YES;
				SDKROOT = auto;
				SUPPORTED_PLATFORMS = "iphoneos iphonesimulator macosx xros xrsimulator";
				SWIFT_EMIT_LOC_STRINGS = YES;
				SWIFT_VERSION = 5.0;
				TARGETED_DEVICE_FAMILY = "1,2,7";
				XROS_DEPLOYMENT_TARGET = 2.5;
			};
			name = Debug;
		};
		F53A2E7D2DF70815001E06E3 /* Release */ = {
			isa = XCBuildConfiguration;
			buildSettings = {
				ASSETCATALOG_COMPILER_APPICON_NAME = AppIcon;
				ASSETCATALOG_COMPILER_GLOBAL_ACCENT_COLOR_NAME = AccentColor;
				CODE_SIGN_ENTITLEMENTS = ALP_SE_WM/ALP_SE_WM.entitlements;
				CODE_SIGN_STYLE = Automatic;
				CURRENT_PROJECT_VERSION = 1;
				DEVELOPMENT_TEAM = T2BYKU8JF4;
				ENABLE_HARDENED_RUNTIME = YES;
				ENABLE_PREVIEWS = YES;
				GENERATE_INFOPLIST_FILE = YES;
				"INFOPLIST_KEY_UIApplicationSceneManifest_Generation[sdk=iphoneos*]" = YES;
				"INFOPLIST_KEY_UIApplicationSceneManifest_Generation[sdk=iphonesimulator*]" = YES;
				"INFOPLIST_KEY_UIApplicationSupportsIndirectInputEvents[sdk=iphoneos*]" = YES;
				"INFOPLIST_KEY_UIApplicationSupportsIndirectInputEvents[sdk=iphonesimulator*]" = YES;
				"INFOPLIST_KEY_UILaunchScreen_Generation[sdk=iphoneos*]" = YES;
				"INFOPLIST_KEY_UILaunchScreen_Generation[sdk=iphonesimulator*]" = YES;
				"INFOPLIST_KEY_UIStatusBarStyle[sdk=iphoneos*]" = UIStatusBarStyleDefault;
				"INFOPLIST_KEY_UIStatusBarStyle[sdk=iphonesimulator*]" = UIStatusBarStyleDefault;
				INFOPLIST_KEY_UISupportedInterfaceOrientations_iPad = "UIInterfaceOrientationPortrait UIInterfaceOrientationPortraitUpsideDown UIInterfaceOrientationLandscapeLeft UIInterfaceOrientationLandscapeRight";
				INFOPLIST_KEY_UISupportedInterfaceOrientations_iPhone = "UIInterfaceOrientationPortrait UIInterfaceOrientationLandscapeLeft UIInterfaceOrientationLandscapeRight";
				IPHONEOS_DEPLOYMENT_TARGET = 18.5;
				LD_RUNPATH_SEARCH_PATHS = "@executable_path/Frameworks";
				"LD_RUNPATH_SEARCH_PATHS[sdk=macosx*]" = "@executable_path/../Frameworks";
				MACOSX_DEPLOYMENT_TARGET = 15.5;
				MARKETING_VERSION = 1.0;
				PRODUCT_BUNDLE_IDENTIFIER = "ALP-SE.ALP-SE-WM";
				PRODUCT_NAME = "$(TARGET_NAME)";
				REGISTER_APP_GROUPS = YES;
				SDKROOT = auto;
				SUPPORTED_PLATFORMS = "iphoneos iphonesimulator macosx xros xrsimulator";
				SWIFT_EMIT_LOC_STRINGS = YES;
				SWIFT_VERSION = 5.0;
				TARGETED_DEVICE_FAMILY = "1,2,7";
				XROS_DEPLOYMENT_TARGET = 2.5;
			};
			name = Release;
		};
/* End XCBuildConfiguration section */

/* Begin XCConfigurationList section */
		F53A2E6A2DF70814001E06E3 /* Build configuration list for PBXProject "ALP_SE_WM" */ = {
			isa = XCConfigurationList;
			buildConfigurations = (
				F53A2E792DF70815001E06E3 /* Debug */,
				F53A2E7A2DF70815001E06E3 /* Release */,
			);
			defaultConfigurationIsVisible = 0;
			defaultConfigurationName = Release;
		};
		F53A2E7B2DF70815001E06E3 /* Build configuration list for PBXNativeTarget "ALP_SE_WM" */ = {
			isa = XCConfigurationList;
			buildConfigurations = (
				F53A2E7C2DF70815001E06E3 /* Debug */,
				F53A2E7D2DF70815001E06E3 /* Release */,
			);
			defaultConfigurationIsVisible = 0;
			defaultConfigurationName = Release;
		};
/* End XCConfigurationList section */

/* Begin XCRemoteSwiftPackageReference section */
		F576DE812DF70BF200C580BD /* XCRemoteSwiftPackageReference "firebase-ios-sdk" */ = {
			isa = XCRemoteSwiftPackageReference;
			repositoryURL = "https://github.com/firebase/firebase-ios-sdk";
			requirement = {
				kind = upToNextMajorVersion;
				minimumVersion = 11.14.0;
			};
		};
/* End XCRemoteSwiftPackageReference section */

/* Begin XCSwiftPackageProductDependency section */
		F576DE822DF70BF200C580BD /* FirebaseAI */ = {
			isa = XCSwiftPackageProductDependency;
			package = F576DE812DF70BF200C580BD /* XCRemoteSwiftPackageReference "firebase-ios-sdk" */;
			productName = FirebaseAI;
		};
		F576DE842DF70BF200C580BD /* FirebaseAnalytics */ = {
			isa = XCSwiftPackageProductDependency;
			package = F576DE812DF70BF200C580BD /* XCRemoteSwiftPackageReference "firebase-ios-sdk" */;
			productName = FirebaseAnalytics;
		};
		F576DE862DF70BF200C580BD /* FirebaseAnalyticsCore */ = {
			isa = XCSwiftPackageProductDependency;
			package = F576DE812DF70BF200C580BD /* XCRemoteSwiftPackageReference "firebase-ios-sdk" */;
			productName = FirebaseAnalyticsCore;
		};
		F576DE882DF70BF200C580BD /* FirebaseAnalyticsIdentitySupport */ = {
			isa = XCSwiftPackageProductDependency;
			package = F576DE812DF70BF200C580BD /* XCRemoteSwiftPackageReference "firebase-ios-sdk" */;
			productName = FirebaseAnalyticsIdentitySupport;
		};
		F576DE8A2DF70BF200C580BD /* FirebaseAnalyticsOnDeviceConversion */ = {
			isa = XCSwiftPackageProductDependency;
			package = F576DE812DF70BF200C580BD /* XCRemoteSwiftPackageReference "firebase-ios-sdk" */;
			productName = FirebaseAnalyticsOnDeviceConversion;
		};
		F576DE8C2DF70BF200C580BD /* FirebaseAnalyticsWithoutAdIdSupport */ = {
			isa = XCSwiftPackageProductDependency;
			package = F576DE812DF70BF200C580BD /* XCRemoteSwiftPackageReference "firebase-ios-sdk" */;
			productName = FirebaseAnalyticsWithoutAdIdSupport;
		};
		F576DE8E2DF70BF200C580BD /* FirebaseAppCheck */ = {
			isa = XCSwiftPackageProductDependency;
			package = F576DE812DF70BF200C580BD /* XCRemoteSwiftPackageReference "firebase-ios-sdk" */;
			productName = FirebaseAppCheck;
		};
		F576DE902DF70BF200C580BD /* FirebaseAppDistribution-Beta */ = {
			isa = XCSwiftPackageProductDependency;
			package = F576DE812DF70BF200C580BD /* XCRemoteSwiftPackageReference "firebase-ios-sdk" */;
			productName = "FirebaseAppDistribution-Beta";
		};
		F576DE922DF70BF200C580BD /* FirebaseAuth */ = {
			isa = XCSwiftPackageProductDependency;
			package = F576DE812DF70BF200C580BD /* XCRemoteSwiftPackageReference "firebase-ios-sdk" */;
			productName = FirebaseAuth;
		};
		F576DE942DF70BF200C580BD /* FirebaseAuthCombine-Community */ = {
			isa = XCSwiftPackageProductDependency;
			package = F576DE812DF70BF200C580BD /* XCRemoteSwiftPackageReference "firebase-ios-sdk" */;
			productName = "FirebaseAuthCombine-Community";
		};
		F576DE962DF70BF200C580BD /* FirebaseCore */ = {
			isa = XCSwiftPackageProductDependency;
			package = F576DE812DF70BF200C580BD /* XCRemoteSwiftPackageReference "firebase-ios-sdk" */;
			productName = FirebaseCore;
		};
		F576DE982DF70BF200C580BD /* FirebaseCrashlytics */ = {
			isa = XCSwiftPackageProductDependency;
			package = F576DE812DF70BF200C580BD /* XCRemoteSwiftPackageReference "firebase-ios-sdk" */;
			productName = FirebaseCrashlytics;
		};
		F576DE9A2DF70BF200C580BD /* FirebaseDatabase */ = {
			isa = XCSwiftPackageProductDependency;
			package = F576DE812DF70BF200C580BD /* XCRemoteSwiftPackageReference "firebase-ios-sdk" */;
			productName = FirebaseDatabase;
		};
		F576DE9C2DF70BF200C580BD /* FirebaseDynamicLinks */ = {
			isa = XCSwiftPackageProductDependency;
			package = F576DE812DF70BF200C580BD /* XCRemoteSwiftPackageReference "firebase-ios-sdk" */;
			productName = FirebaseDynamicLinks;
		};
		F576DE9E2DF70BF200C580BD /* FirebaseFirestore */ = {
			isa = XCSwiftPackageProductDependency;
			package = F576DE812DF70BF200C580BD /* XCRemoteSwiftPackageReference "firebase-ios-sdk" */;
			productName = FirebaseFirestore;
		};
		F576DEA02DF70BF200C580BD /* FirebaseFirestoreCombine-Community */ = {
			isa = XCSwiftPackageProductDependency;
			package = F576DE812DF70BF200C580BD /* XCRemoteSwiftPackageReference "firebase-ios-sdk" */;
			productName = "FirebaseFirestoreCombine-Community";
		};
		F576DEA22DF70BF200C580BD /* FirebaseFunctions */ = {
			isa = XCSwiftPackageProductDependency;
			package = F576DE812DF70BF200C580BD /* XCRemoteSwiftPackageReference "firebase-ios-sdk" */;
			productName = FirebaseFunctions;
		};
		F576DEA42DF70BF200C580BD /* FirebaseFunctionsCombine-Community */ = {
			isa = XCSwiftPackageProductDependency;
			package = F576DE812DF70BF200C580BD /* XCRemoteSwiftPackageReference "firebase-ios-sdk" */;
			productName = "FirebaseFunctionsCombine-Community";
		};
		F576DEA62DF70BF200C580BD /* FirebaseInAppMessaging-Beta */ = {
			isa = XCSwiftPackageProductDependency;
			package = F576DE812DF70BF200C580BD /* XCRemoteSwiftPackageReference "firebase-ios-sdk" */;
			productName = "FirebaseInAppMessaging-Beta";
		};
		F576DEA82DF70BF200C580BD /* FirebaseInstallations */ = {
			isa = XCSwiftPackageProductDependency;
			package = F576DE812DF70BF200C580BD /* XCRemoteSwiftPackageReference "firebase-ios-sdk" */;
			productName = FirebaseInstallations;
		};
		F576DEAA2DF70BF200C580BD /* FirebaseMLModelDownloader */ = {
			isa = XCSwiftPackageProductDependency;
			package = F576DE812DF70BF200C580BD /* XCRemoteSwiftPackageReference "firebase-ios-sdk" */;
			productName = FirebaseMLModelDownloader;
		};
		F576DEAC2DF70BF200C580BD /* FirebaseMessaging */ = {
			isa = XCSwiftPackageProductDependency;
			package = F576DE812DF70BF200C580BD /* XCRemoteSwiftPackageReference "firebase-ios-sdk" */;
			productName = FirebaseMessaging;
		};
		F576DEAE2DF70BF200C580BD /* FirebasePerformance */ = {
			isa = XCSwiftPackageProductDependency;
			package = F576DE812DF70BF200C580BD /* XCRemoteSwiftPackageReference "firebase-ios-sdk" */;
			productName = FirebasePerformance;
		};
		F576DEB02DF70BF200C580BD /* FirebaseRemoteConfig */ = {
			isa = XCSwiftPackageProductDependency;
			package = F576DE812DF70BF200C580BD /* XCRemoteSwiftPackageReference "firebase-ios-sdk" */;
			productName = FirebaseRemoteConfig;
		};
		F576DEB22DF70BF200C580BD /* FirebaseStorage */ = {
			isa = XCSwiftPackageProductDependency;
			package = F576DE812DF70BF200C580BD /* XCRemoteSwiftPackageReference "firebase-ios-sdk" */;
			productName = FirebaseStorage;
		};
		F576DEB42DF70BF200C580BD /* FirebaseStorageCombine-Community */ = {
			isa = XCSwiftPackageProductDependency;
			package = F576DE812DF70BF200C580BD /* XCRemoteSwiftPackageReference "firebase-ios-sdk" */;
			productName = "FirebaseStorageCombine-Community";
		};
		F576DEB62DF70BF200C580BD /* FirebaseVertexAI */ = {
			isa = XCSwiftPackageProductDependency;
			package = F576DE812DF70BF200C580BD /* XCRemoteSwiftPackageReference "firebase-ios-sdk" */;
			productName = FirebaseVertexAI;
		};
		F576DEB82DF70C0700C580BD /* FirebaseAI */ = {
			isa = XCSwiftPackageProductDependency;
			package = F576DE812DF70BF200C580BD /* XCRemoteSwiftPackageReference "firebase-ios-sdk" */;
			productName = FirebaseAI;
		};
		F576DEBA2DF70C0700C580BD /* FirebaseAnalytics */ = {
			isa = XCSwiftPackageProductDependency;
			package = F576DE812DF70BF200C580BD /* XCRemoteSwiftPackageReference "firebase-ios-sdk" */;
			productName = FirebaseAnalytics;
		};
		F576DEBC2DF70C0700C580BD /* FirebaseAnalyticsCore */ = {
			isa = XCSwiftPackageProductDependency;
			package = F576DE812DF70BF200C580BD /* XCRemoteSwiftPackageReference "firebase-ios-sdk" */;
			productName = FirebaseAnalyticsCore;
		};
		F576DEBE2DF70C0700C580BD /* FirebaseAnalyticsIdentitySupport */ = {
			isa = XCSwiftPackageProductDependency;
			package = F576DE812DF70BF200C580BD /* XCRemoteSwiftPackageReference "firebase-ios-sdk" */;
			productName = FirebaseAnalyticsIdentitySupport;
		};
		F576DEC02DF70C0700C580BD /* FirebaseAnalyticsOnDeviceConversion */ = {
			isa = XCSwiftPackageProductDependency;
			package = F576DE812DF70BF200C580BD /* XCRemoteSwiftPackageReference "firebase-ios-sdk" */;
			productName = FirebaseAnalyticsOnDeviceConversion;
		};
		F576DEC22DF70C0700C580BD /* FirebaseAnalyticsWithoutAdIdSupport */ = {
			isa = XCSwiftPackageProductDependency;
			package = F576DE812DF70BF200C580BD /* XCRemoteSwiftPackageReference "firebase-ios-sdk" */;
			productName = FirebaseAnalyticsWithoutAdIdSupport;
		};
		F576DEC42DF70C0700C580BD /* FirebaseAppCheck */ = {
			isa = XCSwiftPackageProductDependency;
			package = F576DE812DF70BF200C580BD /* XCRemoteSwiftPackageReference "firebase-ios-sdk" */;
			productName = FirebaseAppCheck;
		};
		F576DEC62DF70C0700C580BD /* FirebaseAppDistribution-Beta */ = {
			isa = XCSwiftPackageProductDependency;
			package = F576DE812DF70BF200C580BD /* XCRemoteSwiftPackageReference "firebase-ios-sdk" */;
			productName = "FirebaseAppDistribution-Beta";
		};
		F576DEC82DF70C0700C580BD /* FirebaseAuth */ = {
			isa = XCSwiftPackageProductDependency;
			package = F576DE812DF70BF200C580BD /* XCRemoteSwiftPackageReference "firebase-ios-sdk" */;
			productName = FirebaseAuth;
		};
		F576DECA2DF70C0700C580BD /* FirebaseAuthCombine-Community */ = {
			isa = XCSwiftPackageProductDependency;
			package = F576DE812DF70BF200C580BD /* XCRemoteSwiftPackageReference "firebase-ios-sdk" */;
			productName = "FirebaseAuthCombine-Community";
		};
		F576DECC2DF70C0700C580BD /* FirebaseCore */ = {
			isa = XCSwiftPackageProductDependency;
			package = F576DE812DF70BF200C580BD /* XCRemoteSwiftPackageReference "firebase-ios-sdk" */;
			productName = FirebaseCore;
		};
		F576DECE2DF70C0700C580BD /* FirebaseCrashlytics */ = {
			isa = XCSwiftPackageProductDependency;
			package = F576DE812DF70BF200C580BD /* XCRemoteSwiftPackageReference "firebase-ios-sdk" */;
			productName = FirebaseCrashlytics;
		};
		F576DED02DF70C0700C580BD /* FirebaseDatabase */ = {
			isa = XCSwiftPackageProductDependency;
			package = F576DE812DF70BF200C580BD /* XCRemoteSwiftPackageReference "firebase-ios-sdk" */;
			productName = FirebaseDatabase;
		};
		F576DED22DF70C0700C580BD /* FirebaseDynamicLinks */ = {
			isa = XCSwiftPackageProductDependency;
			package = F576DE812DF70BF200C580BD /* XCRemoteSwiftPackageReference "firebase-ios-sdk" */;
			productName = FirebaseDynamicLinks;
		};
		F576DED42DF70C0700C580BD /* FirebaseFirestore */ = {
			isa = XCSwiftPackageProductDependency;
			package = F576DE812DF70BF200C580BD /* XCRemoteSwiftPackageReference "firebase-ios-sdk" */;
			productName = FirebaseFirestore;
		};
		F576DED62DF70C0700C580BD /* FirebaseFirestoreCombine-Community */ = {
			isa = XCSwiftPackageProductDependency;
			package = F576DE812DF70BF200C580BD /* XCRemoteSwiftPackageReference "firebase-ios-sdk" */;
			productName = "FirebaseFirestoreCombine-Community";
		};
		F576DED82DF70C0700C580BD /* FirebaseFunctions */ = {
			isa = XCSwiftPackageProductDependency;
			package = F576DE812DF70BF200C580BD /* XCRemoteSwiftPackageReference "firebase-ios-sdk" */;
			productName = FirebaseFunctions;
		};
		F576DEDA2DF70C0700C580BD /* FirebaseFunctionsCombine-Community */ = {
			isa = XCSwiftPackageProductDependency;
			package = F576DE812DF70BF200C580BD /* XCRemoteSwiftPackageReference "firebase-ios-sdk" */;
			productName = "FirebaseFunctionsCombine-Community";
		};
		F576DEDC2DF70C0700C580BD /* FirebaseInAppMessaging-Beta */ = {
			isa = XCSwiftPackageProductDependency;
			package = F576DE812DF70BF200C580BD /* XCRemoteSwiftPackageReference "firebase-ios-sdk" */;
			productName = "FirebaseInAppMessaging-Beta";
		};
		F576DEDE2DF70C0700C580BD /* FirebaseInstallations */ = {
			isa = XCSwiftPackageProductDependency;
			package = F576DE812DF70BF200C580BD /* XCRemoteSwiftPackageReference "firebase-ios-sdk" */;
			productName = FirebaseInstallations;
		};
		F576DEE02DF70C0700C580BD /* FirebaseMLModelDownloader */ = {
			isa = XCSwiftPackageProductDependency;
			package = F576DE812DF70BF200C580BD /* XCRemoteSwiftPackageReference "firebase-ios-sdk" */;
			productName = FirebaseMLModelDownloader;
		};
		F576DEE22DF70C0700C580BD /* FirebaseMessaging */ = {
			isa = XCSwiftPackageProductDependency;
			package = F576DE812DF70BF200C580BD /* XCRemoteSwiftPackageReference "firebase-ios-sdk" */;
			productName = FirebaseMessaging;
		};
		F576DEE42DF70C0700C580BD /* FirebasePerformance */ = {
			isa = XCSwiftPackageProductDependency;
			package = F576DE812DF70BF200C580BD /* XCRemoteSwiftPackageReference "firebase-ios-sdk" */;
			productName = FirebasePerformance;
		};
		F576DEE62DF70C0700C580BD /* FirebaseRemoteConfig */ = {
			isa = XCSwiftPackageProductDependency;
			package = F576DE812DF70BF200C580BD /* XCRemoteSwiftPackageReference "firebase-ios-sdk" */;
			productName = FirebaseRemoteConfig;
		};
		F576DEE82DF70C0700C580BD /* FirebaseStorage */ = {
			isa = XCSwiftPackageProductDependency;
			package = F576DE812DF70BF200C580BD /* XCRemoteSwiftPackageReference "firebase-ios-sdk" */;
			productName = FirebaseStorage;
		};
		F576DEEA2DF70C0700C580BD /* FirebaseStorageCombine-Community */ = {
			isa = XCSwiftPackageProductDependency;
			package = F576DE812DF70BF200C580BD /* XCRemoteSwiftPackageReference "firebase-ios-sdk" */;
			productName = "FirebaseStorageCombine-Community";
		};
		F576DEEC2DF70C0700C580BD /* FirebaseVertexAI */ = {
			isa = XCSwiftPackageProductDependency;
			package = F576DE812DF70BF200C580BD /* XCRemoteSwiftPackageReference "firebase-ios-sdk" */;
			productName = FirebaseVertexAI;
		};
/* End XCSwiftPackageProductDependency section */
	};
	rootObject = F53A2E672DF70814001E06E3 /* Project object */;
}
