// !$*UTF8*$!
{
	archiveVersion = 1;
	classes = {
	};
	objectVersion = 77;
	objects = {

/* Begin PBXBuildFile section */
		F57F76D22DF7254400311EE8 /* FirebaseAI in Frameworks */ = {isa = PBXBuildFile; productRef = F57F76D12DF7254400311EE8 /* FirebaseAI */; };
		F57F76D42DF7254400311EE8 /* FirebaseAnalytics in Frameworks */ = {isa = PBXBuildFile; productRef = F57F76D32DF7254400311EE8 /* FirebaseAnalytics */; };
		F57F76D62DF7254400311EE8 /* FirebaseAnalyticsCore in Frameworks */ = {isa = PBXBuildFile; productRef = F57F76D52DF7254400311EE8 /* FirebaseAnalyticsCore */; };
		F57F76D82DF7254400311EE8 /* FirebaseAnalyticsIdentitySupport in Frameworks */ = {isa = PBXBuildFile; productRef = F57F76D72DF7254400311EE8 /* FirebaseAnalyticsIdentitySupport */; };
		F57F76DA2DF7254400311EE8 /* FirebaseAnalyticsOnDeviceConversion in Frameworks */ = {isa = PBXBuildFile; productRef = F57F76D92DF7254400311EE8 /* FirebaseAnalyticsOnDeviceConversion */; };
		F57F76DC2DF7254400311EE8 /* FirebaseAnalyticsWithoutAdIdSupport in Frameworks */ = {isa = PBXBuildFile; productRef = F57F76DB2DF7254400311EE8 /* FirebaseAnalyticsWithoutAdIdSupport */; };
		F57F76DE2DF7254400311EE8 /* FirebaseAppCheck in Frameworks */ = {isa = PBXBuildFile; productRef = F57F76DD2DF7254400311EE8 /* FirebaseAppCheck */; };
		F57F76E02DF7254400311EE8 /* FirebaseAppDistribution-Beta in Frameworks */ = {isa = PBXBuildFile; productRef = F57F76DF2DF7254400311EE8 /* FirebaseAppDistribution-Beta */; };
		F57F76E22DF7254400311EE8 /* FirebaseAuth in Frameworks */ = {isa = PBXBuildFile; productRef = F57F76E12DF7254400311EE8 /* FirebaseAuth */; };
		F57F76E42DF7254400311EE8 /* FirebaseAuthCombine-Community in Frameworks */ = {isa = PBXBuildFile; productRef = F57F76E32DF7254400311EE8 /* FirebaseAuthCombine-Community */; };
		F57F76E62DF7254400311EE8 /* FirebaseCore in Frameworks */ = {isa = PBXBuildFile; productRef = F57F76E52DF7254400311EE8 /* FirebaseCore */; };
		F57F76E82DF7254400311EE8 /* FirebaseCrashlytics in Frameworks */ = {isa = PBXBuildFile; productRef = F57F76E72DF7254400311EE8 /* FirebaseCrashlytics */; };
		F57F76EA2DF7254400311EE8 /* FirebaseDatabase in Frameworks */ = {isa = PBXBuildFile; productRef = F57F76E92DF7254400311EE8 /* FirebaseDatabase */; };
		F57F76EC2DF7254400311EE8 /* FirebaseDynamicLinks in Frameworks */ = {isa = PBXBuildFile; productRef = F57F76EB2DF7254400311EE8 /* FirebaseDynamicLinks */; };
		F57F76EE2DF7254400311EE8 /* FirebaseFirestore in Frameworks */ = {isa = PBXBuildFile; productRef = F57F76ED2DF7254400311EE8 /* FirebaseFirestore */; };
		F57F76F02DF7254400311EE8 /* FirebaseFirestoreCombine-Community in Frameworks */ = {isa = PBXBuildFile; productRef = F57F76EF2DF7254400311EE8 /* FirebaseFirestoreCombine-Community */; };
		F57F76F22DF7254400311EE8 /* FirebaseFunctions in Frameworks */ = {isa = PBXBuildFile; productRef = F57F76F12DF7254400311EE8 /* FirebaseFunctions */; };
		F57F76F42DF7254400311EE8 /* FirebaseFunctionsCombine-Community in Frameworks */ = {isa = PBXBuildFile; productRef = F57F76F32DF7254400311EE8 /* FirebaseFunctionsCombine-Community */; };
		F57F76F62DF7254400311EE8 /* FirebaseInAppMessaging-Beta in Frameworks */ = {isa = PBXBuildFile; productRef = F57F76F52DF7254400311EE8 /* FirebaseInAppMessaging-Beta */; };
		F57F76F82DF7254400311EE8 /* FirebaseInstallations in Frameworks */ = {isa = PBXBuildFile; productRef = F57F76F72DF7254400311EE8 /* FirebaseInstallations */; };
		F57F76FA2DF7254400311EE8 /* FirebaseMLModelDownloader in Frameworks */ = {isa = PBXBuildFile; productRef = F57F76F92DF7254400311EE8 /* FirebaseMLModelDownloader */; };
		F57F76FC2DF7254400311EE8 /* FirebaseMessaging in Frameworks */ = {isa = PBXBuildFile; productRef = F57F76FB2DF7254400311EE8 /* FirebaseMessaging */; };
		F57F76FE2DF7254400311EE8 /* FirebasePerformance in Frameworks */ = {isa = PBXBuildFile; productRef = F57F76FD2DF7254400311EE8 /* FirebasePerformance */; };
		F57F77002DF7254400311EE8 /* FirebaseRemoteConfig in Frameworks */ = {isa = PBXBuildFile; productRef = F57F76FF2DF7254400311EE8 /* FirebaseRemoteConfig */; };
		F57F77022DF7254400311EE8 /* FirebaseStorage in Frameworks */ = {isa = PBXBuildFile; productRef = F57F77012DF7254400311EE8 /* FirebaseStorage */; };
		F57F77042DF7254400311EE8 /* FirebaseStorageCombine-Community in Frameworks */ = {isa = PBXBuildFile; productRef = F57F77032DF7254400311EE8 /* FirebaseStorageCombine-Community */; };
		F57F77062DF7254400311EE8 /* FirebaseVertexAI in Frameworks */ = {isa = PBXBuildFile; productRef = F57F77052DF7254400311EE8 /* FirebaseVertexAI */; };
/* End PBXBuildFile section */

/* Begin PBXFileReference section */
		F57F76C22DF724F800311EE8 /* ALP_SE_WM.app */ = {isa = PBXFileReference; explicitFileType = wrapper.application; includeInIndex = 0; path = ALP_SE_WM.app; sourceTree = BUILT_PRODUCTS_DIR; };
/* End PBXFileReference section */

/* Begin PBXFileSystemSynchronizedRootGroup section */
		F57F76C42DF724F800311EE8 /* ALP_SE_WM */ = {
			isa = PBXFileSystemSynchronizedRootGroup;
			path = ALP_SE_WM;
			sourceTree = "<group>";
		};
/* End PBXFileSystemSynchronizedRootGroup section */

/* Begin PBXFrameworksBuildPhase section */
		F57F76BF2DF724F800311EE8 /* Frameworks */ = {
			isa = PBXFrameworksBuildPhase;
			buildActionMask = 2147483647;
			files = (
				F57F76F22DF7254400311EE8 /* FirebaseFunctions in Frameworks */,
				F57F76EA2DF7254400311EE8 /* FirebaseDatabase in Frameworks */,
				F57F76D82DF7254400311EE8 /* FirebaseAnalyticsIdentitySupport in Frameworks */,
				F57F77022DF7254400311EE8 /* FirebaseStorage in Frameworks */,
				F57F76DC2DF7254400311EE8 /* FirebaseAnalyticsWithoutAdIdSupport in Frameworks */,
				F57F76E62DF7254400311EE8 /* FirebaseCore in Frameworks */,
				F57F76D42DF7254400311EE8 /* FirebaseAnalytics in Frameworks */,
				F57F76FA2DF7254400311EE8 /* FirebaseMLModelDownloader in Frameworks */,
				F57F76EC2DF7254400311EE8 /* FirebaseDynamicLinks in Frameworks */,
				F57F76DA2DF7254400311EE8 /* FirebaseAnalyticsOnDeviceConversion in Frameworks */,
				F57F76E22DF7254400311EE8 /* FirebaseAuth in Frameworks */,
				F57F76EE2DF7254400311EE8 /* FirebaseFirestore in Frameworks */,
				F57F76F02DF7254400311EE8 /* FirebaseFirestoreCombine-Community in Frameworks */,
				F57F77062DF7254400311EE8 /* FirebaseVertexAI in Frameworks */,
				F57F76F62DF7254400311EE8 /* FirebaseInAppMessaging-Beta in Frameworks */,
				F57F76F42DF7254400311EE8 /* FirebaseFunctionsCombine-Community in Frameworks */,
				F57F76DE2DF7254400311EE8 /* FirebaseAppCheck in Frameworks */,
				F57F77042DF7254400311EE8 /* FirebaseStorageCombine-Community in Frameworks */,
				F57F77002DF7254400311EE8 /* FirebaseRemoteConfig in Frameworks */,
				F57F76D62DF7254400311EE8 /* FirebaseAnalyticsCore in Frameworks */,
				F57F76D22DF7254400311EE8 /* FirebaseAI in Frameworks */,
				F57F76FE2DF7254400311EE8 /* FirebasePerformance in Frameworks */,
				F57F76E82DF7254400311EE8 /* FirebaseCrashlytics in Frameworks */,
				F57F76E02DF7254400311EE8 /* FirebaseAppDistribution-Beta in Frameworks */,
				F57F76E42DF7254400311EE8 /* FirebaseAuthCombine-Community in Frameworks */,
				F57F76FC2DF7254400311EE8 /* FirebaseMessaging in Frameworks */,
				F57F76F82DF7254400311EE8 /* FirebaseInstallations in Frameworks */,
			);
			runOnlyForDeploymentPostprocessing = 0;
		};
/* End PBXFrameworksBuildPhase section */

/* Begin PBXGroup section */
		F57F76B92DF724F800311EE8 = {
			isa = PBXGroup;
			children = (
				F57F76C42DF724F800311EE8 /* ALP_SE_WM */,
				F57F76C32DF724F800311EE8 /* Products */,
			);
			sourceTree = "<group>";
		};
		F57F76C32DF724F800311EE8 /* Products */ = {
			isa = PBXGroup;
			children = (
				F57F76C22DF724F800311EE8 /* ALP_SE_WM.app */,
			);
			name = Products;
			sourceTree = "<group>";
		};
/* End PBXGroup section */

/* Begin PBXNativeTarget section */
		F57F76C12DF724F800311EE8 /* ALP_SE_WM */ = {
			isa = PBXNativeTarget;
			buildConfigurationList = F57F76CD2DF724FA00311EE8 /* Build configuration list for PBXNativeTarget "ALP_SE_WM" */;
			buildPhases = (
				F57F76BE2DF724F800311EE8 /* Sources */,
				F57F76BF2DF724F800311EE8 /* Frameworks */,
				F57F76C02DF724F800311EE8 /* Resources */,
			);
			buildRules = (
			);
			dependencies = (
				F57F77082DF7255500311EE8 /* PBXTargetDependency */,
				F57F770A2DF7255500311EE8 /* PBXTargetDependency */,
				F57F770C2DF7255500311EE8 /* PBXTargetDependency */,
				F57F770E2DF7255500311EE8 /* PBXTargetDependency */,
				F57F77102DF7255500311EE8 /* PBXTargetDependency */,
				F57F77122DF7255500311EE8 /* PBXTargetDependency */,
				F57F77142DF7255500311EE8 /* PBXTargetDependency */,
				F57F77162DF7255500311EE8 /* PBXTargetDependency */,
				F57F77182DF7255500311EE8 /* PBXTargetDependency */,
				F57F771A2DF7255500311EE8 /* PBXTargetDependency */,
				F57F771C2DF7255500311EE8 /* PBXTargetDependency */,
				F57F771E2DF7255500311EE8 /* PBXTargetDependency */,
				F57F77202DF7255500311EE8 /* PBXTargetDependency */,
				F57F77222DF7255500311EE8 /* PBXTargetDependency */,
				F57F77242DF7255500311EE8 /* PBXTargetDependency */,
				F57F77262DF7255500311EE8 /* PBXTargetDependency */,
				F57F77282DF7255500311EE8 /* PBXTargetDependency */,
				F57F772A2DF7255500311EE8 /* PBXTargetDependency */,
				F57F772C2DF7255500311EE8 /* PBXTargetDependency */,
				F57F772E2DF7255500311EE8 /* PBXTargetDependency */,
				F57F77302DF7255500311EE8 /* PBXTargetDependency */,
				F57F77322DF7255500311EE8 /* PBXTargetDependency */,
				F57F77342DF7255500311EE8 /* PBXTargetDependency */,
				F57F77362DF7255500311EE8 /* PBXTargetDependency */,
				F57F77382DF7255500311EE8 /* PBXTargetDependency */,
				F57F773A2DF7255500311EE8 /* PBXTargetDependency */,
				F57F773C2DF7255500311EE8 /* PBXTargetDependency */,
			);
			fileSystemSynchronizedGroups = (
				F57F76C42DF724F800311EE8 /* ALP_SE_WM */,
			);
			name = ALP_SE_WM;
			packageProductDependencies = (
				F57F76D12DF7254400311EE8 /* FirebaseAI */,
				F57F76D32DF7254400311EE8 /* FirebaseAnalytics */,
				F57F76D52DF7254400311EE8 /* FirebaseAnalyticsCore */,
				F57F76D72DF7254400311EE8 /* FirebaseAnalyticsIdentitySupport */,
				F57F76D92DF7254400311EE8 /* FirebaseAnalyticsOnDeviceConversion */,
				F57F76DB2DF7254400311EE8 /* FirebaseAnalyticsWithoutAdIdSupport */,
				F57F76DD2DF7254400311EE8 /* FirebaseAppCheck */,
				F57F76DF2DF7254400311EE8 /* FirebaseAppDistribution-Beta */,
				F57F76E12DF7254400311EE8 /* FirebaseAuth */,
				F57F76E32DF7254400311EE8 /* FirebaseAuthCombine-Community */,
				F57F76E52DF7254400311EE8 /* FirebaseCore */,
				F57F76E72DF7254400311EE8 /* FirebaseCrashlytics */,
				F57F76E92DF7254400311EE8 /* FirebaseDatabase */,
				F57F76EB2DF7254400311EE8 /* FirebaseDynamicLinks */,
				F57F76ED2DF7254400311EE8 /* FirebaseFirestore */,
				F57F76EF2DF7254400311EE8 /* FirebaseFirestoreCombine-Community */,
				F57F76F12DF7254400311EE8 /* FirebaseFunctions */,
				F57F76F32DF7254400311EE8 /* FirebaseFunctionsCombine-Community */,
				F57F76F52DF7254400311EE8 /* FirebaseInAppMessaging-Beta */,
				F57F76F72DF7254400311EE8 /* FirebaseInstallations */,
				F57F76F92DF7254400311EE8 /* FirebaseMLModelDownloader */,
				F57F76FB2DF7254400311EE8 /* FirebaseMessaging */,
				F57F76FD2DF7254400311EE8 /* FirebasePerformance */,
				F57F76FF2DF7254400311EE8 /* FirebaseRemoteConfig */,
				F57F77012DF7254400311EE8 /* FirebaseStorage */,
				F57F77032DF7254400311EE8 /* FirebaseStorageCombine-Community */,
				F57F77052DF7254400311EE8 /* FirebaseVertexAI */,
			);
			productName = ALP_SE_WM;
			productReference = F57F76C22DF724F800311EE8 /* ALP_SE_WM.app */;
			productType = "com.apple.product-type.application";
		};
/* End PBXNativeTarget section */

/* Begin PBXProject section */
		F57F76BA2DF724F800311EE8 /* Project object */ = {
			isa = PBXProject;
			attributes = {
				BuildIndependentTargetsInParallel = 1;
				LastSwiftUpdateCheck = 1640;
				LastUpgradeCheck = 1640;
				TargetAttributes = {
					F57F76C12DF724F800311EE8 = {
						CreatedOnToolsVersion = 16.4;
					};
				};
			};
			buildConfigurationList = F57F76BD2DF724F800311EE8 /* Build configuration list for PBXProject "ALP_SE_WM" */;
			developmentRegion = en;
			hasScannedForEncodings = 0;
			knownRegions = (
				en,
				Base,
			);
			mainGroup = F57F76B92DF724F800311EE8;
			minimizedProjectReferenceProxies = 1;
			packageReferences = (
				F57F76D02DF7254400311EE8 /* XCRemoteSwiftPackageReference "firebase-ios-sdk" */,
			);
			preferredProjectObjectVersion = 77;
			productRefGroup = F57F76C32DF724F800311EE8 /* Products */;
			projectDirPath = "";
			projectRoot = "";
			targets = (
				F57F76C12DF724F800311EE8 /* ALP_SE_WM */,
			);
		};
/* End PBXProject section */

/* Begin PBXResourcesBuildPhase section */
		F57F76C02DF724F800311EE8 /* Resources */ = {
			isa = PBXResourcesBuildPhase;
			buildActionMask = 2147483647;
			files = (
			);
			runOnlyForDeploymentPostprocessing = 0;
		};
/* End PBXResourcesBuildPhase section */

/* Begin PBXSourcesBuildPhase section */
		F57F76BE2DF724F800311EE8 /* Sources */ = {
			isa = PBXSourcesBuildPhase;
			buildActionMask = 2147483647;
			files = (
			);
			runOnlyForDeploymentPostprocessing = 0;
		};
/* End PBXSourcesBuildPhase section */

/* Begin PBXTargetDependency section */
		F57F77082DF7255500311EE8 /* PBXTargetDependency */ = {
			isa = PBXTargetDependency;
			productRef = F57F77072DF7255500311EE8 /* FirebaseAI */;
		};
		F57F770A2DF7255500311EE8 /* PBXTargetDependency */ = {
			isa = PBXTargetDependency;
			productRef = F57F77092DF7255500311EE8 /* FirebaseAnalytics */;
		};
		F57F770C2DF7255500311EE8 /* PBXTargetDependency */ = {
			isa = PBXTargetDependency;
			productRef = F57F770B2DF7255500311EE8 /* FirebaseAnalyticsCore */;
		};
		F57F770E2DF7255500311EE8 /* PBXTargetDependency */ = {
			isa = PBXTargetDependency;
			productRef = F57F770D2DF7255500311EE8 /* FirebaseAnalyticsIdentitySupport */;
		};
		F57F77102DF7255500311EE8 /* PBXTargetDependency */ = {
			isa = PBXTargetDependency;
			productRef = F57F770F2DF7255500311EE8 /* FirebaseAnalyticsOnDeviceConversion */;
		};
		F57F77122DF7255500311EE8 /* PBXTargetDependency */ = {
			isa = PBXTargetDependency;
			productRef = F57F77112DF7255500311EE8 /* FirebaseAnalyticsWithoutAdIdSupport */;
		};
		F57F77142DF7255500311EE8 /* PBXTargetDependency */ = {
			isa = PBXTargetDependency;
			productRef = F57F77132DF7255500311EE8 /* FirebaseAppCheck */;
		};
		F57F77162DF7255500311EE8 /* PBXTargetDependency */ = {
			isa = PBXTargetDependency;
			productRef = F57F77152DF7255500311EE8 /* FirebaseAppDistribution-Beta */;
		};
		F57F77182DF7255500311EE8 /* PBXTargetDependency */ = {
			isa = PBXTargetDependency;
			productRef = F57F77172DF7255500311EE8 /* FirebaseAuth */;
		};
		F57F771A2DF7255500311EE8 /* PBXTargetDependency */ = {
			isa = PBXTargetDependency;
			productRef = F57F77192DF7255500311EE8 /* FirebaseAuthCombine-Community */;
		};
		F57F771C2DF7255500311EE8 /* PBXTargetDependency */ = {
			isa = PBXTargetDependency;
			productRef = F57F771B2DF7255500311EE8 /* FirebaseCore */;
		};
		F57F771E2DF7255500311EE8 /* PBXTargetDependency */ = {
			isa = PBXTargetDependency;
			productRef = F57F771D2DF7255500311EE8 /* FirebaseCrashlytics */;
		};
		F57F77202DF7255500311EE8 /* PBXTargetDependency */ = {
			isa = PBXTargetDependency;
			productRef = F57F771F2DF7255500311EE8 /* FirebaseDatabase */;
		};
		F57F77222DF7255500311EE8 /* PBXTargetDependency */ = {
			isa = PBXTargetDependency;
			productRef = F57F77212DF7255500311EE8 /* FirebaseDynamicLinks */;
		};
		F57F77242DF7255500311EE8 /* PBXTargetDependency */ = {
			isa = PBXTargetDependency;
			productRef = F57F77232DF7255500311EE8 /* FirebaseFirestore */;
		};
		F57F77262DF7255500311EE8 /* PBXTargetDependency */ = {
			isa = PBXTargetDependency;
			productRef = F57F77252DF7255500311EE8 /* FirebaseFirestoreCombine-Community */;
		};
		F57F77282DF7255500311EE8 /* PBXTargetDependency */ = {
			isa = PBXTargetDependency;
			productRef = F57F77272DF7255500311EE8 /* FirebaseFunctions */;
		};
		F57F772A2DF7255500311EE8 /* PBXTargetDependency */ = {
			isa = PBXTargetDependency;
			productRef = F57F77292DF7255500311EE8 /* FirebaseFunctionsCombine-Community */;
		};
		F57F772C2DF7255500311EE8 /* PBXTargetDependency */ = {
			isa = PBXTargetDependency;
			productRef = F57F772B2DF7255500311EE8 /* FirebaseInAppMessaging-Beta */;
		};
		F57F772E2DF7255500311EE8 /* PBXTargetDependency */ = {
			isa = PBXTargetDependency;
			productRef = F57F772D2DF7255500311EE8 /* FirebaseInstallations */;
		};
		F57F77302DF7255500311EE8 /* PBXTargetDependency */ = {
			isa = PBXTargetDependency;
			productRef = F57F772F2DF7255500311EE8 /* FirebaseMLModelDownloader */;
		};
		F57F77322DF7255500311EE8 /* PBXTargetDependency */ = {
			isa = PBXTargetDependency;
			productRef = F57F77312DF7255500311EE8 /* FirebaseMessaging */;
		};
		F57F77342DF7255500311EE8 /* PBXTargetDependency */ = {
			isa = PBXTargetDependency;
			productRef = F57F77332DF7255500311EE8 /* FirebasePerformance */;
		};
		F57F77362DF7255500311EE8 /* PBXTargetDependency */ = {
			isa = PBXTargetDependency;
			productRef = F57F77352DF7255500311EE8 /* FirebaseRemoteConfig */;
		};
		F57F77382DF7255500311EE8 /* PBXTargetDependency */ = {
			isa = PBXTargetDependency;
			productRef = F57F77372DF7255500311EE8 /* FirebaseStorage */;
		};
		F57F773A2DF7255500311EE8 /* PBXTargetDependency */ = {
			isa = PBXTargetDependency;
			productRef = F57F77392DF7255500311EE8 /* FirebaseStorageCombine-Community */;
		};
		F57F773C2DF7255500311EE8 /* PBXTargetDependency */ = {
			isa = PBXTargetDependency;
			productRef = F57F773B2DF7255500311EE8 /* FirebaseVertexAI */;
		};
/* End PBXTargetDependency section */

/* Begin XCBuildConfiguration section */
		F57F76CB2DF724FA00311EE8 /* Debug */ = {
			isa = XCBuildConfiguration;
			buildSettings = {
				ALWAYS_SEARCH_USER_PATHS = NO;
				ASSETCATALOG_COMPILER_GENERATE_SWIFT_ASSET_SYMBOL_EXTENSIONS = YES;
				CLANG_ANALYZER_NONNULL = YES;
				CLANG_ANALYZER_NUMBER_OBJECT_CONVERSION = YES_AGGRESSIVE;
				CLANG_CXX_LANGUAGE_STANDARD = "gnu++20";
				CLANG_ENABLE_MODULES = YES;
				CLANG_ENABLE_OBJC_ARC = YES;
				CLANG_ENABLE_OBJC_WEAK = YES;
				CLANG_WARN_BLOCK_CAPTURE_AUTORELEASING = YES;
				CLANG_WARN_BOOL_CONVERSION = YES;
				CLANG_WARN_COMMA = YES;
				CLANG_WARN_CONSTANT_CONVERSION = YES;
				CLANG_WARN_DEPRECATED_OBJC_IMPLEMENTATIONS = YES;
				CLANG_WARN_DIRECT_OBJC_ISA_USAGE = YES_ERROR;
				CLANG_WARN_DOCUMENTATION_COMMENTS = YES;
				CLANG_WARN_EMPTY_BODY = YES;
				CLANG_WARN_ENUM_CONVERSION = YES;
				CLANG_WARN_INFINITE_RECURSION = YES;
				CLANG_WARN_INT_CONVERSION = YES;
				CLANG_WARN_NON_LITERAL_NULL_CONVERSION = YES;
				CLANG_WARN_OBJC_IMPLICIT_RETAIN_SELF = YES;
				CLANG_WARN_OBJC_LITERAL_CONVERSION = YES;
				CLANG_WARN_OBJC_ROOT_CLASS = YES_ERROR;
				CLANG_WARN_QUOTED_INCLUDE_IN_FRAMEWORK_HEADER = YES;
				CLANG_WARN_RANGE_LOOP_ANALYSIS = YES;
				CLANG_WARN_STRICT_PROTOTYPES = YES;
				CLANG_WARN_SUSPICIOUS_MOVE = YES;
				CLANG_WARN_UNGUARDED_AVAILABILITY = YES_AGGRESSIVE;
				CLANG_WARN_UNREACHABLE_CODE = YES;
				CLANG_WARN__DUPLICATE_METHOD_MATCH = YES;
				COPY_PHASE_STRIP = NO;
				DEBUG_INFORMATION_FORMAT = dwarf;
				DEVELOPMENT_TEAM = T2BYKU8JF4;
				ENABLE_STRICT_OBJC_MSGSEND = YES;
				ENABLE_TESTABILITY = YES;
				ENABLE_USER_SCRIPT_SANDBOXING = YES;
				GCC_C_LANGUAGE_STANDARD = gnu17;
				GCC_DYNAMIC_NO_PIC = NO;
				GCC_NO_COMMON_BLOCKS = YES;
				GCC_OPTIMIZATION_LEVEL = 0;
				GCC_PREPROCESSOR_DEFINITIONS = (
					"DEBUG=1",
					"$(inherited)",
				);
				GCC_WARN_64_TO_32_BIT_CONVERSION = YES;
				GCC_WARN_ABOUT_RETURN_TYPE = YES_ERROR;
				GCC_WARN_UNDECLARED_SELECTOR = YES;
				GCC_WARN_UNINITIALIZED_AUTOS = YES_AGGRESSIVE;
				GCC_WARN_UNUSED_FUNCTION = YES;
				GCC_WARN_UNUSED_VARIABLE = YES;
				IPHONEOS_DEPLOYMENT_TARGET = 18.5;
				LOCALIZATION_PREFERS_STRING_CATALOGS = YES;
				MTL_ENABLE_DEBUG_INFO = INCLUDE_SOURCE;
				MTL_FAST_MATH = YES;
				ONLY_ACTIVE_ARCH = YES;
				SDKROOT = iphoneos;
				SWIFT_ACTIVE_COMPILATION_CONDITIONS = "DEBUG $(inherited)";
				SWIFT_OPTIMIZATION_LEVEL = "-Onone";
			};
			name = Debug;
		};
		F57F76CC2DF724FA00311EE8 /* Release */ = {
			isa = XCBuildConfiguration;
			buildSettings = {
				ALWAYS_SEARCH_USER_PATHS = NO;
				ASSETCATALOG_COMPILER_GENERATE_SWIFT_ASSET_SYMBOL_EXTENSIONS = YES;
				CLANG_ANALYZER_NONNULL = YES;
				CLANG_ANALYZER_NUMBER_OBJECT_CONVERSION = YES_AGGRESSIVE;
				CLANG_CXX_LANGUAGE_STANDARD = "gnu++20";
				CLANG_ENABLE_MODULES = YES;
				CLANG_ENABLE_OBJC_ARC = YES;
				CLANG_ENABLE_OBJC_WEAK = YES;
				CLANG_WARN_BLOCK_CAPTURE_AUTORELEASING = YES;
				CLANG_WARN_BOOL_CONVERSION = YES;
				CLANG_WARN_COMMA = YES;
				CLANG_WARN_CONSTANT_CONVERSION = YES;
				CLANG_WARN_DEPRECATED_OBJC_IMPLEMENTATIONS = YES;
				CLANG_WARN_DIRECT_OBJC_ISA_USAGE = YES_ERROR;
				CLANG_WARN_DOCUMENTATION_COMMENTS = YES;
				CLANG_WARN_EMPTY_BODY = YES;
				CLANG_WARN_ENUM_CONVERSION = YES;
				CLANG_WARN_INFINITE_RECURSION = YES;
				CLANG_WARN_INT_CONVERSION = YES;
				CLANG_WARN_NON_LITERAL_NULL_CONVERSION = YES;
				CLANG_WARN_OBJC_IMPLICIT_RETAIN_SELF = YES;
				CLANG_WARN_OBJC_LITERAL_CONVERSION = YES;
				CLANG_WARN_OBJC_ROOT_CLASS = YES_ERROR;
				CLANG_WARN_QUOTED_INCLUDE_IN_FRAMEWORK_HEADER = YES;
				CLANG_WARN_RANGE_LOOP_ANALYSIS = YES;
				CLANG_WARN_STRICT_PROTOTYPES = YES;
				CLANG_WARN_SUSPICIOUS_MOVE = YES;
				CLANG_WARN_UNGUARDED_AVAILABILITY = YES_AGGRESSIVE;
				CLANG_WARN_UNREACHABLE_CODE = YES;
				CLANG_WARN__DUPLICATE_METHOD_MATCH = YES;
				COPY_PHASE_STRIP = NO;
				DEBUG_INFORMATION_FORMAT = "dwarf-with-dsym";
				DEVELOPMENT_TEAM = T2BYKU8JF4;
				ENABLE_NS_ASSERTIONS = NO;
				ENABLE_STRICT_OBJC_MSGSEND = YES;
				ENABLE_USER_SCRIPT_SANDBOXING = YES;
				GCC_C_LANGUAGE_STANDARD = gnu17;
				GCC_NO_COMMON_BLOCKS = YES;
				GCC_WARN_64_TO_32_BIT_CONVERSION = YES;
				GCC_WARN_ABOUT_RETURN_TYPE = YES_ERROR;
				GCC_WARN_UNDECLARED_SELECTOR = YES;
				GCC_WARN_UNINITIALIZED_AUTOS = YES_AGGRESSIVE;
				GCC_WARN_UNUSED_FUNCTION = YES;
				GCC_WARN_UNUSED_VARIABLE = YES;
				IPHONEOS_DEPLOYMENT_TARGET = 18.5;
				LOCALIZATION_PREFERS_STRING_CATALOGS = YES;
				MTL_ENABLE_DEBUG_INFO = NO;
				MTL_FAST_MATH = YES;
				SDKROOT = iphoneos;
				SWIFT_COMPILATION_MODE = wholemodule;
				VALIDATE_PRODUCT = YES;
			};
			name = Release;
		};
		F57F76CE2DF724FA00311EE8 /* Debug */ = {
			isa = XCBuildConfiguration;
			buildSettings = {
				ASSETCATALOG_COMPILER_APPICON_NAME = AppIcon;
				ASSETCATALOG_COMPILER_GLOBAL_ACCENT_COLOR_NAME = AccentColor;
				CODE_SIGN_STYLE = Automatic;
				CURRENT_PROJECT_VERSION = 1;
				DEVELOPMENT_TEAM = T2BYKU8JF4;
				ENABLE_PREVIEWS = YES;
				GENERATE_INFOPLIST_FILE = YES;
				INFOPLIST_KEY_UIApplicationSceneManifest_Generation = YES;
				INFOPLIST_KEY_UIApplicationSupportsIndirectInputEvents = YES;
				INFOPLIST_KEY_UILaunchScreen_Generation = YES;
				INFOPLIST_KEY_UISupportedInterfaceOrientations_iPad = "UIInterfaceOrientationPortrait UIInterfaceOrientationPortraitUpsideDown UIInterfaceOrientationLandscapeLeft UIInterfaceOrientationLandscapeRight";
				INFOPLIST_KEY_UISupportedInterfaceOrientations_iPhone = "UIInterfaceOrientationPortrait UIInterfaceOrientationLandscapeLeft UIInterfaceOrientationLandscapeRight";
				LD_RUNPATH_SEARCH_PATHS = (
					"$(inherited)",
					"@executable_path/Frameworks",
				);
				MARKETING_VERSION = 1.0;
				PRODUCT_BUNDLE_IDENTIFIER = "ALP-SE.ALP-SE-WM";
				PRODUCT_NAME = "$(TARGET_NAME)";
				SWIFT_EMIT_LOC_STRINGS = YES;
				SWIFT_VERSION = 5.0;
				TARGETED_DEVICE_FAMILY = "1,2";
			};
			name = Debug;
		};
		F57F76CF2DF724FA00311EE8 /* Release */ = {
			isa = XCBuildConfiguration;
			buildSettings = {
				ASSETCATALOG_COMPILER_APPICON_NAME = AppIcon;
				ASSETCATALOG_COMPILER_GLOBAL_ACCENT_COLOR_NAME = AccentColor;
				CODE_SIGN_STYLE = Automatic;
				CURRENT_PROJECT_VERSION = 1;
				DEVELOPMENT_TEAM = T2BYKU8JF4;
				ENABLE_PREVIEWS = YES;
				GENERATE_INFOPLIST_FILE = YES;
				INFOPLIST_KEY_UIApplicationSceneManifest_Generation = YES;
				INFOPLIST_KEY_UIApplicationSupportsIndirectInputEvents = YES;
				INFOPLIST_KEY_UILaunchScreen_Generation = YES;
				INFOPLIST_KEY_UISupportedInterfaceOrientations_iPad = "UIInterfaceOrientationPortrait UIInterfaceOrientationPortraitUpsideDown UIInterfaceOrientationLandscapeLeft UIInterfaceOrientationLandscapeRight";
				INFOPLIST_KEY_UISupportedInterfaceOrientations_iPhone = "UIInterfaceOrientationPortrait UIInterfaceOrientationLandscapeLeft UIInterfaceOrientationLandscapeRight";
				LD_RUNPATH_SEARCH_PATHS = (
					"$(inherited)",
					"@executable_path/Frameworks",
				);
				MARKETING_VERSION = 1.0;
				PRODUCT_BUNDLE_IDENTIFIER = "ALP-SE.ALP-SE-WM";
				PRODUCT_NAME = "$(TARGET_NAME)";
				SWIFT_EMIT_LOC_STRINGS = YES;
				SWIFT_VERSION = 5.0;
				TARGETED_DEVICE_FAMILY = "1,2";
			};
			name = Release;
		};
/* End XCBuildConfiguration section */

/* Begin XCConfigurationList section */
		F57F76BD2DF724F800311EE8 /* Build configuration list for PBXProject "ALP_SE_WM" */ = {
			isa = XCConfigurationList;
			buildConfigurations = (
				F57F76CB2DF724FA00311EE8 /* Debug */,
				F57F76CC2DF724FA00311EE8 /* Release */,
			);
			defaultConfigurationIsVisible = 0;
			defaultConfigurationName = Release;
		};
		F57F76CD2DF724FA00311EE8 /* Build configuration list for PBXNativeTarget "ALP_SE_WM" */ = {
			isa = XCConfigurationList;
			buildConfigurations = (
				F57F76CE2DF724FA00311EE8 /* Debug */,
				F57F76CF2DF724FA00311EE8 /* Release */,
			);
			defaultConfigurationIsVisible = 0;
			defaultConfigurationName = Release;
		};
/* End XCConfigurationList section */

/* Begin XCRemoteSwiftPackageReference section */
		F57F76D02DF7254400311EE8 /* XCRemoteSwiftPackageReference "firebase-ios-sdk" */ = {
			isa = XCRemoteSwiftPackageReference;
			repositoryURL = "https://github.com/firebase/firebase-ios-sdk";
			requirement = {
				kind = upToNextMajorVersion;
				minimumVersion = 11.14.0;
			};
		};
/* End XCRemoteSwiftPackageReference section */

/* Begin XCSwiftPackageProductDependency section */
		F57F76D12DF7254400311EE8 /* FirebaseAI */ = {
			isa = XCSwiftPackageProductDependency;
			package = F57F76D02DF7254400311EE8 /* XCRemoteSwiftPackageReference "firebase-ios-sdk" */;
			productName = FirebaseAI;
		};
		F57F76D32DF7254400311EE8 /* FirebaseAnalytics */ = {
			isa = XCSwiftPackageProductDependency;
			package = F57F76D02DF7254400311EE8 /* XCRemoteSwiftPackageReference "firebase-ios-sdk" */;
			productName = FirebaseAnalytics;
		};
		F57F76D52DF7254400311EE8 /* FirebaseAnalyticsCore */ = {
			isa = XCSwiftPackageProductDependency;
			package = F57F76D02DF7254400311EE8 /* XCRemoteSwiftPackageReference "firebase-ios-sdk" */;
			productName = FirebaseAnalyticsCore;
		};
		F57F76D72DF7254400311EE8 /* FirebaseAnalyticsIdentitySupport */ = {
			isa = XCSwiftPackageProductDependency;
			package = F57F76D02DF7254400311EE8 /* XCRemoteSwiftPackageReference "firebase-ios-sdk" */;
			productName = FirebaseAnalyticsIdentitySupport;
		};
		F57F76D92DF7254400311EE8 /* FirebaseAnalyticsOnDeviceConversion */ = {
			isa = XCSwiftPackageProductDependency;
			package = F57F76D02DF7254400311EE8 /* XCRemoteSwiftPackageReference "firebase-ios-sdk" */;
			productName = FirebaseAnalyticsOnDeviceConversion;
		};
		F57F76DB2DF7254400311EE8 /* FirebaseAnalyticsWithoutAdIdSupport */ = {
			isa = XCSwiftPackageProductDependency;
			package = F57F76D02DF7254400311EE8 /* XCRemoteSwiftPackageReference "firebase-ios-sdk" */;
			productName = FirebaseAnalyticsWithoutAdIdSupport;
		};
		F57F76DD2DF7254400311EE8 /* FirebaseAppCheck */ = {
			isa = XCSwiftPackageProductDependency;
			package = F57F76D02DF7254400311EE8 /* XCRemoteSwiftPackageReference "firebase-ios-sdk" */;
			productName = FirebaseAppCheck;
		};
		F57F76DF2DF7254400311EE8 /* FirebaseAppDistribution-Beta */ = {
			isa = XCSwiftPackageProductDependency;
			package = F57F76D02DF7254400311EE8 /* XCRemoteSwiftPackageReference "firebase-ios-sdk" */;
			productName = "FirebaseAppDistribution-Beta";
		};
		F57F76E12DF7254400311EE8 /* FirebaseAuth */ = {
			isa = XCSwiftPackageProductDependency;
			package = F57F76D02DF7254400311EE8 /* XCRemoteSwiftPackageReference "firebase-ios-sdk" */;
			productName = FirebaseAuth;
		};
		F57F76E32DF7254400311EE8 /* FirebaseAuthCombine-Community */ = {
			isa = XCSwiftPackageProductDependency;
			package = F57F76D02DF7254400311EE8 /* XCRemoteSwiftPackageReference "firebase-ios-sdk" */;
			productName = "FirebaseAuthCombine-Community";
		};
		F57F76E52DF7254400311EE8 /* FirebaseCore */ = {
			isa = XCSwiftPackageProductDependency;
			package = F57F76D02DF7254400311EE8 /* XCRemoteSwiftPackageReference "firebase-ios-sdk" */;
			productName = FirebaseCore;
		};
		F57F76E72DF7254400311EE8 /* FirebaseCrashlytics */ = {
			isa = XCSwiftPackageProductDependency;
			package = F57F76D02DF7254400311EE8 /* XCRemoteSwiftPackageReference "firebase-ios-sdk" */;
			productName = FirebaseCrashlytics;
		};
		F57F76E92DF7254400311EE8 /* FirebaseDatabase */ = {
			isa = XCSwiftPackageProductDependency;
			package = F57F76D02DF7254400311EE8 /* XCRemoteSwiftPackageReference "firebase-ios-sdk" */;
			productName = FirebaseDatabase;
		};
		F57F76EB2DF7254400311EE8 /* FirebaseDynamicLinks */ = {
			isa = XCSwiftPackageProductDependency;
			package = F57F76D02DF7254400311EE8 /* XCRemoteSwiftPackageReference "firebase-ios-sdk" */;
			productName = FirebaseDynamicLinks;
		};
		F57F76ED2DF7254400311EE8 /* FirebaseFirestore */ = {
			isa = XCSwiftPackageProductDependency;
			package = F57F76D02DF7254400311EE8 /* XCRemoteSwiftPackageReference "firebase-ios-sdk" */;
			productName = FirebaseFirestore;
		};
		F57F76EF2DF7254400311EE8 /* FirebaseFirestoreCombine-Community */ = {
			isa = XCSwiftPackageProductDependency;
			package = F57F76D02DF7254400311EE8 /* XCRemoteSwiftPackageReference "firebase-ios-sdk" */;
			productName = "FirebaseFirestoreCombine-Community";
		};
		F57F76F12DF7254400311EE8 /* FirebaseFunctions */ = {
			isa = XCSwiftPackageProductDependency;
			package = F57F76D02DF7254400311EE8 /* XCRemoteSwiftPackageReference "firebase-ios-sdk" */;
			productName = FirebaseFunctions;
		};
		F57F76F32DF7254400311EE8 /* FirebaseFunctionsCombine-Community */ = {
			isa = XCSwiftPackageProductDependency;
			package = F57F76D02DF7254400311EE8 /* XCRemoteSwiftPackageReference "firebase-ios-sdk" */;
			productName = "FirebaseFunctionsCombine-Community";
		};
		F57F76F52DF7254400311EE8 /* FirebaseInAppMessaging-Beta */ = {
			isa = XCSwiftPackageProductDependency;
			package = F57F76D02DF7254400311EE8 /* XCRemoteSwiftPackageReference "firebase-ios-sdk" */;
			productName = "FirebaseInAppMessaging-Beta";
		};
		F57F76F72DF7254400311EE8 /* FirebaseInstallations */ = {
			isa = XCSwiftPackageProductDependency;
			package = F57F76D02DF7254400311EE8 /* XCRemoteSwiftPackageReference "firebase-ios-sdk" */;
			productName = FirebaseInstallations;
		};
		F57F76F92DF7254400311EE8 /* FirebaseMLModelDownloader */ = {
			isa = XCSwiftPackageProductDependency;
			package = F57F76D02DF7254400311EE8 /* XCRemoteSwiftPackageReference "firebase-ios-sdk" */;
			productName = FirebaseMLModelDownloader;
		};
		F57F76FB2DF7254400311EE8 /* FirebaseMessaging */ = {
			isa = XCSwiftPackageProductDependency;
			package = F57F76D02DF7254400311EE8 /* XCRemoteSwiftPackageReference "firebase-ios-sdk" */;
			productName = FirebaseMessaging;
		};
		F57F76FD2DF7254400311EE8 /* FirebasePerformance */ = {
			isa = XCSwiftPackageProductDependency;
			package = F57F76D02DF7254400311EE8 /* XCRemoteSwiftPackageReference "firebase-ios-sdk" */;
			productName = FirebasePerformance;
		};
		F57F76FF2DF7254400311EE8 /* FirebaseRemoteConfig */ = {
			isa = XCSwiftPackageProductDependency;
			package = F57F76D02DF7254400311EE8 /* XCRemoteSwiftPackageReference "firebase-ios-sdk" */;
			productName = FirebaseRemoteConfig;
		};
		F57F77012DF7254400311EE8 /* FirebaseStorage */ = {
			isa = XCSwiftPackageProductDependency;
			package = F57F76D02DF7254400311EE8 /* XCRemoteSwiftPackageReference "firebase-ios-sdk" */;
			productName = FirebaseStorage;
		};
		F57F77032DF7254400311EE8 /* FirebaseStorageCombine-Community */ = {
			isa = XCSwiftPackageProductDependency;
			package = F57F76D02DF7254400311EE8 /* XCRemoteSwiftPackageReference "firebase-ios-sdk" */;
			productName = "FirebaseStorageCombine-Community";
		};
		F57F77052DF7254400311EE8 /* FirebaseVertexAI */ = {
			isa = XCSwiftPackageProductDependency;
			package = F57F76D02DF7254400311EE8 /* XCRemoteSwiftPackageReference "firebase-ios-sdk" */;
			productName = FirebaseVertexAI;
		};
		F57F77072DF7255500311EE8 /* FirebaseAI */ = {
			isa = XCSwiftPackageProductDependency;
			package = F57F76D02DF7254400311EE8 /* XCRemoteSwiftPackageReference "firebase-ios-sdk" */;
			productName = FirebaseAI;
		};
		F57F77092DF7255500311EE8 /* FirebaseAnalytics */ = {
			isa = XCSwiftPackageProductDependency;
			package = F57F76D02DF7254400311EE8 /* XCRemoteSwiftPackageReference "firebase-ios-sdk" */;
			productName = FirebaseAnalytics;
		};
		F57F770B2DF7255500311EE8 /* FirebaseAnalyticsCore */ = {
			isa = XCSwiftPackageProductDependency;
			package = F57F76D02DF7254400311EE8 /* XCRemoteSwiftPackageReference "firebase-ios-sdk" */;
			productName = FirebaseAnalyticsCore;
		};
		F57F770D2DF7255500311EE8 /* FirebaseAnalyticsIdentitySupport */ = {
			isa = XCSwiftPackageProductDependency;
			package = F57F76D02DF7254400311EE8 /* XCRemoteSwiftPackageReference "firebase-ios-sdk" */;
			productName = FirebaseAnalyticsIdentitySupport;
		};
		F57F770F2DF7255500311EE8 /* FirebaseAnalyticsOnDeviceConversion */ = {
			isa = XCSwiftPackageProductDependency;
			package = F57F76D02DF7254400311EE8 /* XCRemoteSwiftPackageReference "firebase-ios-sdk" */;
			productName = FirebaseAnalyticsOnDeviceConversion;
		};
		F57F77112DF7255500311EE8 /* FirebaseAnalyticsWithoutAdIdSupport */ = {
			isa = XCSwiftPackageProductDependency;
			package = F57F76D02DF7254400311EE8 /* XCRemoteSwiftPackageReference "firebase-ios-sdk" */;
			productName = FirebaseAnalyticsWithoutAdIdSupport;
		};
		F57F77132DF7255500311EE8 /* FirebaseAppCheck */ = {
			isa = XCSwiftPackageProductDependency;
			package = F57F76D02DF7254400311EE8 /* XCRemoteSwiftPackageReference "firebase-ios-sdk" */;
			productName = FirebaseAppCheck;
		};
		F57F77152DF7255500311EE8 /* FirebaseAppDistribution-Beta */ = {
			isa = XCSwiftPackageProductDependency;
			package = F57F76D02DF7254400311EE8 /* XCRemoteSwiftPackageReference "firebase-ios-sdk" */;
			productName = "FirebaseAppDistribution-Beta";
		};
		F57F77172DF7255500311EE8 /* FirebaseAuth */ = {
			isa = XCSwiftPackageProductDependency;
			package = F57F76D02DF7254400311EE8 /* XCRemoteSwiftPackageReference "firebase-ios-sdk" */;
			productName = FirebaseAuth;
		};
		F57F77192DF7255500311EE8 /* FirebaseAuthCombine-Community */ = {
			isa = XCSwiftPackageProductDependency;
			package = F57F76D02DF7254400311EE8 /* XCRemoteSwiftPackageReference "firebase-ios-sdk" */;
			productName = "FirebaseAuthCombine-Community";
		};
		F57F771B2DF7255500311EE8 /* FirebaseCore */ = {
			isa = XCSwiftPackageProductDependency;
			package = F57F76D02DF7254400311EE8 /* XCRemoteSwiftPackageReference "firebase-ios-sdk" */;
			productName = FirebaseCore;
		};
		F57F771D2DF7255500311EE8 /* FirebaseCrashlytics */ = {
			isa = XCSwiftPackageProductDependency;
			package = F57F76D02DF7254400311EE8 /* XCRemoteSwiftPackageReference "firebase-ios-sdk" */;
			productName = FirebaseCrashlytics;
		};
		F57F771F2DF7255500311EE8 /* FirebaseDatabase */ = {
			isa = XCSwiftPackageProductDependency;
			package = F57F76D02DF7254400311EE8 /* XCRemoteSwiftPackageReference "firebase-ios-sdk" */;
			productName = FirebaseDatabase;
		};
		F57F77212DF7255500311EE8 /* FirebaseDynamicLinks */ = {
			isa = XCSwiftPackageProductDependency;
			package = F57F76D02DF7254400311EE8 /* XCRemoteSwiftPackageReference "firebase-ios-sdk" */;
			productName = FirebaseDynamicLinks;
		};
		F57F77232DF7255500311EE8 /* FirebaseFirestore */ = {
			isa = XCSwiftPackageProductDependency;
			package = F57F76D02DF7254400311EE8 /* XCRemoteSwiftPackageReference "firebase-ios-sdk" */;
			productName = FirebaseFirestore;
		};
		F57F77252DF7255500311EE8 /* FirebaseFirestoreCombine-Community */ = {
			isa = XCSwiftPackageProductDependency;
			package = F57F76D02DF7254400311EE8 /* XCRemoteSwiftPackageReference "firebase-ios-sdk" */;
			productName = "FirebaseFirestoreCombine-Community";
		};
		F57F77272DF7255500311EE8 /* FirebaseFunctions */ = {
			isa = XCSwiftPackageProductDependency;
			package = F57F76D02DF7254400311EE8 /* XCRemoteSwiftPackageReference "firebase-ios-sdk" */;
			productName = FirebaseFunctions;
		};
		F57F77292DF7255500311EE8 /* FirebaseFunctionsCombine-Community */ = {
			isa = XCSwiftPackageProductDependency;
			package = F57F76D02DF7254400311EE8 /* XCRemoteSwiftPackageReference "firebase-ios-sdk" */;
			productName = "FirebaseFunctionsCombine-Community";
		};
		F57F772B2DF7255500311EE8 /* FirebaseInAppMessaging-Beta */ = {
			isa = XCSwiftPackageProductDependency;
			package = F57F76D02DF7254400311EE8 /* XCRemoteSwiftPackageReference "firebase-ios-sdk" */;
			productName = "FirebaseInAppMessaging-Beta";
		};
		F57F772D2DF7255500311EE8 /* FirebaseInstallations */ = {
			isa = XCSwiftPackageProductDependency;
			package = F57F76D02DF7254400311EE8 /* XCRemoteSwiftPackageReference "firebase-ios-sdk" */;
			productName = FirebaseInstallations;
		};
		F57F772F2DF7255500311EE8 /* FirebaseMLModelDownloader */ = {
			isa = XCSwiftPackageProductDependency;
			package = F57F76D02DF7254400311EE8 /* XCRemoteSwiftPackageReference "firebase-ios-sdk" */;
			productName = FirebaseMLModelDownloader;
		};
		F57F77312DF7255500311EE8 /* FirebaseMessaging */ = {
			isa = XCSwiftPackageProductDependency;
			package = F57F76D02DF7254400311EE8 /* XCRemoteSwiftPackageReference "firebase-ios-sdk" */;
			productName = FirebaseMessaging;
		};
		F57F77332DF7255500311EE8 /* FirebasePerformance */ = {
			isa = XCSwiftPackageProductDependency;
			package = F57F76D02DF7254400311EE8 /* XCRemoteSwiftPackageReference "firebase-ios-sdk" */;
			productName = FirebasePerformance;
		};
		F57F77352DF7255500311EE8 /* FirebaseRemoteConfig */ = {
			isa = XCSwiftPackageProductDependency;
			package = F57F76D02DF7254400311EE8 /* XCRemoteSwiftPackageReference "firebase-ios-sdk" */;
			productName = FirebaseRemoteConfig;
		};
		F57F77372DF7255500311EE8 /* FirebaseStorage */ = {
			isa = XCSwiftPackageProductDependency;
			package = F57F76D02DF7254400311EE8 /* XCRemoteSwiftPackageReference "firebase-ios-sdk" */;
			productName = FirebaseStorage;
		};
		F57F77392DF7255500311EE8 /* FirebaseStorageCombine-Community */ = {
			isa = XCSwiftPackageProductDependency;
			package = F57F76D02DF7254400311EE8 /* XCRemoteSwiftPackageReference "firebase-ios-sdk" */;
			productName = "FirebaseStorageCombine-Community";
		};
		F57F773B2DF7255500311EE8 /* FirebaseVertexAI */ = {
			isa = XCSwiftPackageProductDependency;
			package = F57F76D02DF7254400311EE8 /* XCRemoteSwiftPackageReference "firebase-ios-sdk" */;
			productName = FirebaseVertexAI;
		};
/* End XCSwiftPackageProductDependency section */
	};
	rootObject = F57F76BA2DF724F800311EE8 /* Project object */;
}
